PODS:
  - AFNetworking (3.2.1):
    - AFNetworking/NSURLSession (= 3.2.1)
    - AFNetworking/Reachability (= 3.2.1)
    - AFNetworking/Security (= 3.2.1)
    - AFNetworking/Serialization (= 3.2.1)
    - AFNetworking/UIKit (= 3.2.1)
  - AFNetworking/NSURLSession (3.2.1):
    - AFNetworking/Reachability
    - AFNetworking/Security
    - AFNetworking/Serialization
  - AFNetworking/Reachability (3.2.1)
  - AFNetworking/Security (3.2.1)
  - AFNetworking/Serialization (3.2.1)
  - AFNetworking/UIKit (3.2.1):
    - AFNetworking/NSURLSession
  - BaiduMapKit (3.3.4)
  - GTSDK (2.4.0.0-noidfa)
  - JCore (2.7.1-noidfa)
  - JVerification (2.7.1):
    - JCore (< 6.0.0, >= 2.1.6)
  - LMProgressView (1.0.3)
  - MBProgressHUD (1.0.0)
  - MHTextField (0.6)
  - SharetraceSDK (2.1.0)
  - SSZipArchive (2.1.5)
  - WechatOpenSDK (1.8.7.1)
  - XHTextField (1.1)

DEPENDENCIES:
  - AFNetworking (~> 3.0)
  - BaiduMapKit (~> 3.3.4)
  - GTSDK (= 2.4.0.0-noidfa)
  - JCore (= 2.7.1-noidfa)
  - JVerification (= 2.7.1)
  - LMProgressView
  - MBProgressHUD (~> 1.0.0)
  - MHTextField (~> 0.5)
  - SharetraceSDK
  - SSZipArchive
  - WechatOpenSDK (~> 1.8.7.1)
  - XHTextField

SPEC REPOS:
  https://github.com/CocoaPods/Specs.git:
    - AFNetworking
    - BaiduMapKit
    - GTSDK
    - JCore
    - JVerification
    - LMProgressView
    - MBProgressHUD
    - MHTextField
    - SharetraceSDK
    - SSZipArchive
    - WechatOpenSDK
    - XHTextField

SPEC CHECKSUMS:
  AFNetworking: b6f891fdfaed196b46c7a83cf209e09697b94057
  BaiduMapKit: 6f2d76a04b72e9af938afb5ca0f97d4417bbf9c0
  GTSDK: 1774ee87826d0606f69b1c5114ed3bf63ad5c34e
  JCore: b7c28cfc056f83ab8fb0208ef50e3b91103bcdc5
  JVerification: 750dc6b4ce55e53d1095958267cfd2e9eb4398a1
  LMProgressView: f6fb98f7ad2a0ef00156f892eef6c99b7046b66c
  MBProgressHUD: 4890f671c94e8a0f3cf959aa731e9de2f036d71a
  MHTextField: c13dad029b2a3da5e6a1c7adc7fa499ca8a976e5
  SharetraceSDK: 7f02e4b87e049a7c7a1ae94ef85b2267e57063a9
  SSZipArchive: cefe1364104a0231268a5deb8495bdf2861f52f0
  WechatOpenSDK: 6a4d1436c15b3b5fe2a0bd383f3046010186da44
  XHTextField: 67abde300d82c46940215dd939f96acda90f4e05

PODFILE CHECKSUM: 207bb8d32f988a2c3b6f8a6db16eaa9ab5f9c66d

COCOAPODS: 1.9.3
