// !$*UTF8*$!
{
	archiveVersion = 1;
	classes = {
	};
	objectVersion = 51;
	objects = {

/* Begin PBXBuildFile section */
		3B04E18622DD757F005840FC /* Default-568@2x.png in Resources */ = {isa = PBXBuildFile; fileRef = 3B04E18522DD757F005840FC /* Default-568@2x.png */; };
		3B04E19922DD9DE9005840FC /* Reachability.m in Sources */ = {isa = PBXBuildFile; fileRef = 3B04E18F22DD9DE9005840FC /* Reachability.m */; };
		3B04E19A22DD9DE9005840FC /* XHVersion.m in Sources */ = {isa = PBXBuildFile; fileRef = 3B04E19322DD9DE9005840FC /* XHVersion.m */; };
		3B04E19B22DD9DE9005840FC /* XHAppInfo.m in Sources */ = {isa = PBXBuildFile; fileRef = 3B04E19422DD9DE9005840FC /* XHAppInfo.m */; };
		3B04E19C22DD9DE9005840FC /* XHVersionRequest.m in Sources */ = {isa = PBXBuildFile; fileRef = 3B04E19522DD9DE9005840FC /* XHVersionRequest.m */; };
		3B297DBE22DD6D750028847C /* AppDelegate.m in Sources */ = {isa = PBXBuildFile; fileRef = 3B297DBD22DD6D750028847C /* AppDelegate.m */; };
		3B297DC122DD6D750028847C /* ViewController.m in Sources */ = {isa = PBXBuildFile; fileRef = 3B297DC022DD6D750028847C /* ViewController.m */; };
		3B297DC622DD6D760028847C /* Assets.xcassets in Resources */ = {isa = PBXBuildFile; fileRef = 3B297DC522DD6D760028847C /* Assets.xcassets */; };
		3B297DC922DD6D760028847C /* LaunchScreen.storyboard in Resources */ = {isa = PBXBuildFile; fileRef = 3B297DC722DD6D760028847C /* LaunchScreen.storyboard */; };
		3B297DCC22DD6D760028847C /* main.m in Sources */ = {isa = PBXBuildFile; fileRef = 3B297DCB22DD6D760028847C /* main.m */; };
		3B297DD622DD6D760028847C /* QH_OrderSTests.m in Sources */ = {isa = PBXBuildFile; fileRef = 3B297DD522DD6D760028847C /* QH_OrderSTests.m */; };
		3B297DE122DD6D760028847C /* QH_OrderSUITests.m in Sources */ = {isa = PBXBuildFile; fileRef = 3B297DE022DD6D760028847C /* QH_OrderSUITests.m */; };
		3B2CFB88231D3E9F0039C483 /* NSArray+Extension.m in Sources */ = {isa = PBXBuildFile; fileRef = 3B2CFB82231D3E9F0039C483 /* NSArray+Extension.m */; };
		3B2CFB89231D3E9F0039C483 /* NSDictionary+toString.m in Sources */ = {isa = PBXBuildFile; fileRef = 3B2CFB83231D3E9F0039C483 /* NSDictionary+toString.m */; };
		3B2CFB8A231D3E9F0039C483 /* NSString+toDict.m in Sources */ = {isa = PBXBuildFile; fileRef = 3B2CFB84231D3E9F0039C483 /* NSString+toDict.m */; };
		3B2CFB8B231D3E9F0039C483 /* NSDictionary+Extension.m in Sources */ = {isa = PBXBuildFile; fileRef = 3B2CFB85231D3E9F0039C483 /* NSDictionary+Extension.m */; };
		3B348A0525AB27C200A2C64E /* libstdc++.6.0.9.tbd in Frameworks */ = {isa = PBXBuildFile; fileRef = 3B348A0425AB27C200A2C64E /* libstdc++.6.0.9.tbd */; };
		3B35F5FA2594DF8D001C9E81 /* libz.tbd in Frameworks */ = {isa = PBXBuildFile; fileRef = 3B35F5F92594DF8D001C9E81 /* libz.tbd */; };
		3B35F5FC2594DF98001C9E81 /* libc++.tbd in Frameworks */ = {isa = PBXBuildFile; fileRef = 3B35F5FB2594DF98001C9E81 /* libc++.tbd */; };
		3B35F5FE2594DFA8001C9E81 /* CoreLocation.framework in Frameworks */ = {isa = PBXBuildFile; fileRef = 3B35F5FD2594DFA8001C9E81 /* CoreLocation.framework */; };
		3B35F6002594DFB0001C9E81 /* CoreTelephony.framework in Frameworks */ = {isa = PBXBuildFile; fileRef = 3B35F5FF2594DFB0001C9E81 /* CoreTelephony.framework */; };
		3B35F6022594DFB6001C9E81 /* AVFoundation.framework in Frameworks */ = {isa = PBXBuildFile; fileRef = 3B35F6012594DFB6001C9E81 /* AVFoundation.framework */; };
		3B35F6042594DFC5001C9E81 /* AudioToolbox.framework in Frameworks */ = {isa = PBXBuildFile; fileRef = 3B35F6032594DFC5001C9E81 /* AudioToolbox.framework */; };
		3B35F6062594DFCC001C9E81 /* AddressBook.framework in Frameworks */ = {isa = PBXBuildFile; fileRef = 3B35F6052594DFCC001C9E81 /* AddressBook.framework */; };
		3B35F6082594DFD8001C9E81 /* Contacts.framework in Frameworks */ = {isa = PBXBuildFile; fileRef = 3B35F6072594DFD8001C9E81 /* Contacts.framework */; };
		3B35F60A2594DFE2001C9E81 /* SystemConfiguration.framework in Frameworks */ = {isa = PBXBuildFile; fileRef = 3B35F6092594DFE2001C9E81 /* SystemConfiguration.framework */; };
		3B35F60C2594DFEC001C9E81 /* QuartzCore.framework in Frameworks */ = {isa = PBXBuildFile; fileRef = 3B35F60B2594DFEC001C9E81 /* QuartzCore.framework */; };
		3B35F60E2594DFF1001C9E81 /* UIKit.framework in Frameworks */ = {isa = PBXBuildFile; fileRef = 3B35F60D2594DFF1001C9E81 /* UIKit.framework */; };
		3B35F6102594E010001C9E81 /* Foundation.framework in Frameworks */ = {isa = PBXBuildFile; fileRef = 3B35F60F2594E010001C9E81 /* Foundation.framework */; };
		3B35F6122594E037001C9E81 /* CoreGraphics.framework in Frameworks */ = {isa = PBXBuildFile; fileRef = 3B35F6112594E037001C9E81 /* CoreGraphics.framework */; };
		3B35F6172594EAE1001C9E81 /* iflyMSC.framework in Frameworks */ = {isa = PBXBuildFile; fileRef = 3B35F6162594EAE1001C9E81 /* iflyMSC.framework */; };
		3B35F6392594EC09001C9E81 /* IVWViewController.m in Sources */ = {isa = PBXBuildFile; fileRef = 3B35F61C2594EC09001C9E81 /* IVWViewController.m */; };
		3B35F63A2594EC09001C9E81 /* ISEParams.m in Sources */ = {isa = PBXBuildFile; fileRef = 3B35F61E2594EC09001C9E81 /* ISEParams.m */; };
		3B35F63B2594EC09001C9E81 /* ISEResultSyll.m in Sources */ = {isa = PBXBuildFile; fileRef = 3B35F6202594EC09001C9E81 /* ISEResultSyll.m */; };
		3B35F63C2594EC09001C9E81 /* ISEResult.m in Sources */ = {isa = PBXBuildFile; fileRef = 3B35F6212594EC09001C9E81 /* ISEResult.m */; };
		3B35F63D2594EC09001C9E81 /* ISEResultReadSyllable.m in Sources */ = {isa = PBXBuildFile; fileRef = 3B35F6222594EC09001C9E81 /* ISEResultReadSyllable.m */; };
		3B35F63E2594EC09001C9E81 /* ISEResultReadSentence.m in Sources */ = {isa = PBXBuildFile; fileRef = 3B35F6242594EC09001C9E81 /* ISEResultReadSentence.m */; };
		3B35F63F2594EC09001C9E81 /* ISEResultReadWord.m in Sources */ = {isa = PBXBuildFile; fileRef = 3B35F6252594EC09001C9E81 /* ISEResultReadWord.m */; };
		3B35F6402594EC09001C9E81 /* ISEResultPhone.m in Sources */ = {isa = PBXBuildFile; fileRef = 3B35F6262594EC09001C9E81 /* ISEResultPhone.m */; };
		3B35F6412594EC09001C9E81 /* ISEResultSentence.m in Sources */ = {isa = PBXBuildFile; fileRef = 3B35F6272594EC09001C9E81 /* ISEResultSentence.m */; };
		3B35F6422594EC09001C9E81 /* ISEResultWord.m in Sources */ = {isa = PBXBuildFile; fileRef = 3B35F6312594EC09001C9E81 /* ISEResultWord.m */; };
		3B35F6432594EC09001C9E81 /* ISEResultXmlParser.m in Sources */ = {isa = PBXBuildFile; fileRef = 3B35F6322594EC09001C9E81 /* ISEResultXmlParser.m */; };
		3B35F6442594EC09001C9E81 /* ISEResultTools.m in Sources */ = {isa = PBXBuildFile; fileRef = 3B35F6332594EC09001C9E81 /* ISEResultTools.m */; };
		3B35F6452594EC09001C9E81 /* ISEResultFinal.m in Sources */ = {isa = PBXBuildFile; fileRef = 3B35F6342594EC09001C9E81 /* ISEResultFinal.m */; };
		3B35F6462594EC09001C9E81 /* ISESettingViewController.m in Sources */ = {isa = PBXBuildFile; fileRef = 3B35F6362594EC09001C9E81 /* ISESettingViewController.m */; };
		3B35F6472594EC09001C9E81 /* ISEViewController.m in Sources */ = {isa = PBXBuildFile; fileRef = 3B35F6382594EC09001C9E81 /* ISEViewController.m */; };
		3B35F6642594ECA1001C9E81 /* IFlyContact.m in Sources */ = {isa = PBXBuildFile; fileRef = 3B35F64C2594ECA1001C9E81 /* IFlyContact.m */; };
		3B35F6652594ECA1001C9E81 /* PopupView.m in Sources */ = {isa = PBXBuildFile; fileRef = 3B35F64D2594ECA1001C9E81 /* PopupView.m */; };
		3B35F6662594ECA1001C9E81 /* SBJson4StreamParser.m in Sources */ = {isa = PBXBuildFile; fileRef = 3B35F6502594ECA1001C9E81 /* SBJson4StreamParser.m */; };
		3B35F6672594ECA1001C9E81 /* SBJson4StreamTokeniser.m in Sources */ = {isa = PBXBuildFile; fileRef = 3B35F6512594ECA1001C9E81 /* SBJson4StreamTokeniser.m */; };
		3B35F6682594ECA1001C9E81 /* SBJson4StreamParserState.m in Sources */ = {isa = PBXBuildFile; fileRef = 3B35F6522594ECA1001C9E81 /* SBJson4StreamParserState.m */; };
		3B35F6692594ECA1001C9E81 /* SBJson4StreamWriterState.m in Sources */ = {isa = PBXBuildFile; fileRef = 3B35F6532594ECA1001C9E81 /* SBJson4StreamWriterState.m */; };
		3B35F66A2594ECA1001C9E81 /* SBJson4Writer.m in Sources */ = {isa = PBXBuildFile; fileRef = 3B35F6542594ECA1001C9E81 /* SBJson4Writer.m */; };
		3B35F66B2594ECA1001C9E81 /* SBJson4Parser.m in Sources */ = {isa = PBXBuildFile; fileRef = 3B35F6582594ECA1001C9E81 /* SBJson4Parser.m */; };
		3B35F66C2594ECA1001C9E81 /* SBJson4StreamWriter.m in Sources */ = {isa = PBXBuildFile; fileRef = 3B35F65B2594ECA1001C9E81 /* SBJson4StreamWriter.m */; };
		3B35F66D2594ECA1001C9E81 /* AlertView.m in Sources */ = {isa = PBXBuildFile; fileRef = 3B35F65E2594ECA1001C9E81 /* AlertView.m */; };
		3B35F66E2594ECA1001C9E81 /* PcmPlayer.m in Sources */ = {isa = PBXBuildFile; fileRef = 3B35F6622594ECA1001C9E81 /* PcmPlayer.m */; };
		3B35F6782594ECD3001C9E81 /* IATConfigViewController.m in Sources */ = {isa = PBXBuildFile; fileRef = 3B35F6702594ECD3001C9E81 /* IATConfigViewController.m */; };
		3B35F6792594ECD3001C9E81 /* ISRDataHelper.m in Sources */ = {isa = PBXBuildFile; fileRef = 3B35F6712594ECD3001C9E81 /* ISRDataHelper.m */; };
		3B35F67A2594ECD3001C9E81 /* IATConfig.m in Sources */ = {isa = PBXBuildFile; fileRef = 3B35F6752594ECD3001C9E81 /* IATConfig.m */; };
		3B35F67B2594ECD3001C9E81 /* IATViewController.m in Sources */ = {isa = PBXBuildFile; fileRef = 3B35F6772594ECD3001C9E81 /* IATViewController.m */; };
		3B35F6842594ED46001C9E81 /* SAMath.m in Sources */ = {isa = PBXBuildFile; fileRef = 3B35F67E2594ED46001C9E81 /* SAMath.m */; };
		3B35F6852594ED46001C9E81 /* AKPickerView.m in Sources */ = {isa = PBXBuildFile; fileRef = 3B35F6802594ED46001C9E81 /* AKPickerView.m */; };
		3B35F6862594ED46001C9E81 /* SAMultisectorControl.m in Sources */ = {isa = PBXBuildFile; fileRef = 3B35F6822594ED46001C9E81 /* SAMultisectorControl.m */; };
		3B35F6882594EED3001C9E81 /* ISEViewController.xib in Resources */ = {isa = PBXBuildFile; fileRef = 3B35F6872594EED3001C9E81 /* ISEViewController.xib */; };
		3B435691233DFE0400D38552 /* YBNeighborLocationCell.xib in Resources */ = {isa = PBXBuildFile; fileRef = 3B43567E233DFE0400D38552 /* YBNeighborLocationCell.xib */; };
		3B435692233DFE0400D38552 /* YBCurrentLocationCell.m in Sources */ = {isa = PBXBuildFile; fileRef = 3B435680233DFE0400D38552 /* YBCurrentLocationCell.m */; };
		3B435693233DFE0400D38552 /* YBCurrentLocationCell.xib in Resources */ = {isa = PBXBuildFile; fileRef = 3B435681233DFE0400D38552 /* YBCurrentLocationCell.xib */; };
		3B435694233DFE0400D38552 /* YBNeighborLocationCell.m in Sources */ = {isa = PBXBuildFile; fileRef = 3B435682233DFE0400D38552 /* YBNeighborLocationCell.m */; };
		3B435695233DFE0400D38552 /* YBShowLocationVC.xib in Resources */ = {isa = PBXBuildFile; fileRef = 3B435688233DFE0400D38552 /* YBShowLocationVC.xib */; };
		3B435696233DFE0400D38552 /* YBLocationSearchResultViewController.m in Sources */ = {isa = PBXBuildFile; fileRef = 3B435689233DFE0400D38552 /* YBLocationSearchResultViewController.m */; };
		3B435697233DFE0400D38552 /* YBShowLocationVC.mm in Sources */ = {isa = PBXBuildFile; fileRef = 3B43568A233DFE0400D38552 /* YBShowLocationVC.mm */; };
		3B435698233DFE0400D38552 /* YBShowPanoranaVC.m in Sources */ = {isa = PBXBuildFile; fileRef = 3B43568C233DFE0400D38552 /* YBShowPanoranaVC.m */; };
		3B435699233DFE0400D38552 /* YBLocationPickerViewController.mm in Sources */ = {isa = PBXBuildFile; fileRef = 3B43568D233DFE0400D38552 /* YBLocationPickerViewController.mm */; };
		3B43569A233DFE0400D38552 /* BaiduPanoSDK.framework in Frameworks */ = {isa = PBXBuildFile; fileRef = 3B435690233DFE0400D38552 /* BaiduPanoSDK.framework */; };
		3B6DF9812613431100F69C4B /* dist.zip in Resources */ = {isa = PBXBuildFile; fileRef = 3B6DF9802613431100F69C4B /* dist.zip */; };
		3B79284F22F432AF009FCAF8 /* LMGetLoc.m in Sources */ = {isa = PBXBuildFile; fileRef = 3B79284922F432AF009FCAF8 /* LMGetLoc.m */; };
		3B79285022F432AF009FCAF8 /* IOSToVue.m in Sources */ = {isa = PBXBuildFile; fileRef = 3B79284A22F432AF009FCAF8 /* IOSToVue.m */; };
		3B79285122F432AF009FCAF8 /* Tools.m in Sources */ = {isa = PBXBuildFile; fileRef = 3B79284B22F432AF009FCAF8 /* Tools.m */; };
		3BA4772B259FFD280078F57E /* iflyMSC.framework in Frameworks */ = {isa = PBXBuildFile; fileRef = 3BA4772A259FFD280078F57E /* iflyMSC.framework */; };
		3BA4773225A07AC00078F57E /* libmp3lame.a in Frameworks */ = {isa = PBXBuildFile; fileRef = 3BA4773025A07AC00078F57E /* libmp3lame.a */; };
		3BCCA66B265F7FE600FD4388 /* fandu.m4a in Resources */ = {isa = PBXBuildFile; fileRef = 3BCCA66A265F7FE600FD4388 /* fandu.m4a */; };
		3BD20FA4230A9E73001A52A4 /* ServiceTools.m in Sources */ = {isa = PBXBuildFile; fileRef = 3BD20FA2230A9E73001A52A4 /* ServiceTools.m */; };
		3BD20FAC230AC9CE001A52A4 /* BMKLocationKit.framework in Frameworks */ = {isa = PBXBuildFile; fileRef = 3BD20FAB230AC9CE001A52A4 /* BMKLocationKit.framework */; };
		3BE88EA3232169FD008AC8E7 /* LocationModel.m in Sources */ = {isa = PBXBuildFile; fileRef = 3BE88EA0232169FD008AC8E7 /* LocationModel.m */; };
		3BE88EA4232169FD008AC8E7 /* RouteAnnotation.m in Sources */ = {isa = PBXBuildFile; fileRef = 3BE88EA1232169FD008AC8E7 /* RouteAnnotation.m */; };
		9CFB11A5FB77436ED36CDE93 /* libPods-QH_OrderS.a in Frameworks */ = {isa = PBXBuildFile; fileRef = 7DA69FEE1BB9777B55ADB628 /* libPods-QH_OrderS.a */; };
/* End PBXBuildFile section */

/* Begin PBXContainerItemProxy section */
		3B297DD222DD6D760028847C /* PBXContainerItemProxy */ = {
			isa = PBXContainerItemProxy;
			containerPortal = 3B297DB122DD6D750028847C /* Project object */;
			proxyType = 1;
			remoteGlobalIDString = 3B297DB822DD6D750028847C;
			remoteInfo = QH_OrderS;
		};
		3B297DDD22DD6D760028847C /* PBXContainerItemProxy */ = {
			isa = PBXContainerItemProxy;
			containerPortal = 3B297DB122DD6D750028847C /* Project object */;
			proxyType = 1;
			remoteGlobalIDString = 3B297DB822DD6D750028847C;
			remoteInfo = QH_OrderS;
		};
/* End PBXContainerItemProxy section */

/* Begin PBXFileReference section */
		3B04E18522DD757F005840FC /* Default-568@2x.png */ = {isa = PBXFileReference; lastKnownFileType = image.png; path = "Default-568@2x.png"; sourceTree = "<group>"; };
		3B04E18722DD778B005840FC /* QH_OrderS.pch */ = {isa = PBXFileReference; lastKnownFileType = sourcecode.c.h; path = QH_OrderS.pch; sourceTree = "<group>"; };
		3B04E18F22DD9DE9005840FC /* Reachability.m */ = {isa = PBXFileReference; fileEncoding = 4; lastKnownFileType = sourcecode.c.objc; path = Reachability.m; sourceTree = "<group>"; };
		3B04E19022DD9DE9005840FC /* Reachability.h */ = {isa = PBXFileReference; fileEncoding = 4; lastKnownFileType = sourcecode.c.h; path = Reachability.h; sourceTree = "<group>"; };
		3B04E19222DD9DE9005840FC /* XHVersionRequest.h */ = {isa = PBXFileReference; fileEncoding = 4; lastKnownFileType = sourcecode.c.h; path = XHVersionRequest.h; sourceTree = "<group>"; };
		3B04E19322DD9DE9005840FC /* XHVersion.m */ = {isa = PBXFileReference; fileEncoding = 4; lastKnownFileType = sourcecode.c.objc; path = XHVersion.m; sourceTree = "<group>"; };
		3B04E19422DD9DE9005840FC /* XHAppInfo.m */ = {isa = PBXFileReference; fileEncoding = 4; lastKnownFileType = sourcecode.c.objc; path = XHAppInfo.m; sourceTree = "<group>"; };
		3B04E19522DD9DE9005840FC /* XHVersionRequest.m */ = {isa = PBXFileReference; fileEncoding = 4; lastKnownFileType = sourcecode.c.objc; path = XHVersionRequest.m; sourceTree = "<group>"; };
		3B04E19622DD9DE9005840FC /* XHVersion.h */ = {isa = PBXFileReference; fileEncoding = 4; lastKnownFileType = sourcecode.c.h; path = XHVersion.h; sourceTree = "<group>"; };
		3B04E19722DD9DE9005840FC /* XHAppInfo.h */ = {isa = PBXFileReference; fileEncoding = 4; lastKnownFileType = sourcecode.c.h; path = XHAppInfo.h; sourceTree = "<group>"; };
		3B297DB922DD6D750028847C /* 高效速读.app */ = {isa = PBXFileReference; explicitFileType = wrapper.application; includeInIndex = 0; path = "高效速读.app"; sourceTree = BUILT_PRODUCTS_DIR; };
		3B297DBC22DD6D750028847C /* AppDelegate.h */ = {isa = PBXFileReference; lastKnownFileType = sourcecode.c.h; path = AppDelegate.h; sourceTree = "<group>"; };
		3B297DBD22DD6D750028847C /* AppDelegate.m */ = {isa = PBXFileReference; lastKnownFileType = sourcecode.c.objc; path = AppDelegate.m; sourceTree = "<group>"; };
		3B297DBF22DD6D750028847C /* ViewController.h */ = {isa = PBXFileReference; lastKnownFileType = sourcecode.c.h; path = ViewController.h; sourceTree = "<group>"; };
		3B297DC022DD6D750028847C /* ViewController.m */ = {isa = PBXFileReference; lastKnownFileType = sourcecode.c.objc; path = ViewController.m; sourceTree = "<group>"; };
		3B297DC522DD6D760028847C /* Assets.xcassets */ = {isa = PBXFileReference; lastKnownFileType = folder.assetcatalog; path = Assets.xcassets; sourceTree = "<group>"; };
		3B297DC822DD6D760028847C /* Base */ = {isa = PBXFileReference; lastKnownFileType = file.storyboard; name = Base; path = Base.lproj/LaunchScreen.storyboard; sourceTree = "<group>"; };
		3B297DCA22DD6D760028847C /* Info.plist */ = {isa = PBXFileReference; lastKnownFileType = text.plist.xml; path = Info.plist; sourceTree = "<group>"; };
		3B297DCB22DD6D760028847C /* main.m */ = {isa = PBXFileReference; lastKnownFileType = sourcecode.c.objc; path = main.m; sourceTree = "<group>"; };
		3B297DD122DD6D760028847C /* QH_OrderSTests.xctest */ = {isa = PBXFileReference; explicitFileType = wrapper.cfbundle; includeInIndex = 0; path = QH_OrderSTests.xctest; sourceTree = BUILT_PRODUCTS_DIR; };
		3B297DD522DD6D760028847C /* QH_OrderSTests.m */ = {isa = PBXFileReference; lastKnownFileType = sourcecode.c.objc; path = QH_OrderSTests.m; sourceTree = "<group>"; };
		3B297DD722DD6D760028847C /* Info.plist */ = {isa = PBXFileReference; lastKnownFileType = text.plist.xml; path = Info.plist; sourceTree = "<group>"; };
		3B297DDC22DD6D760028847C /* QH_OrderSUITests.xctest */ = {isa = PBXFileReference; explicitFileType = wrapper.cfbundle; includeInIndex = 0; path = QH_OrderSUITests.xctest; sourceTree = BUILT_PRODUCTS_DIR; };
		3B297DE022DD6D760028847C /* QH_OrderSUITests.m */ = {isa = PBXFileReference; lastKnownFileType = sourcecode.c.objc; path = QH_OrderSUITests.m; sourceTree = "<group>"; };
		3B297DE222DD6D760028847C /* Info.plist */ = {isa = PBXFileReference; lastKnownFileType = text.plist.xml; path = Info.plist; sourceTree = "<group>"; };
		3B2CFB80231D3E9F0039C483 /* NSDictionary+Extension.h */ = {isa = PBXFileReference; fileEncoding = 4; lastKnownFileType = sourcecode.c.h; path = "NSDictionary+Extension.h"; sourceTree = "<group>"; };
		3B2CFB81231D3E9F0039C483 /* NSString+toDict.h */ = {isa = PBXFileReference; fileEncoding = 4; lastKnownFileType = sourcecode.c.h; path = "NSString+toDict.h"; sourceTree = "<group>"; };
		3B2CFB82231D3E9F0039C483 /* NSArray+Extension.m */ = {isa = PBXFileReference; fileEncoding = 4; lastKnownFileType = sourcecode.c.objc; path = "NSArray+Extension.m"; sourceTree = "<group>"; };
		3B2CFB83231D3E9F0039C483 /* NSDictionary+toString.m */ = {isa = PBXFileReference; fileEncoding = 4; lastKnownFileType = sourcecode.c.objc; path = "NSDictionary+toString.m"; sourceTree = "<group>"; };
		3B2CFB84231D3E9F0039C483 /* NSString+toDict.m */ = {isa = PBXFileReference; fileEncoding = 4; lastKnownFileType = sourcecode.c.objc; path = "NSString+toDict.m"; sourceTree = "<group>"; };
		3B2CFB85231D3E9F0039C483 /* NSDictionary+Extension.m */ = {isa = PBXFileReference; fileEncoding = 4; lastKnownFileType = sourcecode.c.objc; path = "NSDictionary+Extension.m"; sourceTree = "<group>"; };
		3B2CFB86231D3E9F0039C483 /* NSArray+Extension.h */ = {isa = PBXFileReference; fileEncoding = 4; lastKnownFileType = sourcecode.c.h; path = "NSArray+Extension.h"; sourceTree = "<group>"; };
		3B2CFB87231D3E9F0039C483 /* NSDictionary+toString.h */ = {isa = PBXFileReference; fileEncoding = 4; lastKnownFileType = sourcecode.c.h; path = "NSDictionary+toString.h"; sourceTree = "<group>"; };
		3B348A0425AB27C200A2C64E /* libstdc++.6.0.9.tbd */ = {isa = PBXFileReference; lastKnownFileType = "sourcecode.text-based-dylib-definition"; name = "libstdc++.6.0.9.tbd"; path = "QH_OrderS/libs/libstdc++.6.0.9.tbd"; sourceTree = "<group>"; };
		3B35F5F92594DF8D001C9E81 /* libz.tbd */ = {isa = PBXFileReference; lastKnownFileType = "sourcecode.text-based-dylib-definition"; name = libz.tbd; path = usr/lib/libz.tbd; sourceTree = SDKROOT; };
		3B35F5FB2594DF98001C9E81 /* libc++.tbd */ = {isa = PBXFileReference; lastKnownFileType = "sourcecode.text-based-dylib-definition"; name = "libc++.tbd"; path = "usr/lib/libc++.tbd"; sourceTree = SDKROOT; };
		3B35F5FD2594DFA8001C9E81 /* CoreLocation.framework */ = {isa = PBXFileReference; lastKnownFileType = wrapper.framework; name = CoreLocation.framework; path = System/Library/Frameworks/CoreLocation.framework; sourceTree = SDKROOT; };
		3B35F5FF2594DFB0001C9E81 /* CoreTelephony.framework */ = {isa = PBXFileReference; lastKnownFileType = wrapper.framework; name = CoreTelephony.framework; path = System/Library/Frameworks/CoreTelephony.framework; sourceTree = SDKROOT; };
		3B35F6012594DFB6001C9E81 /* AVFoundation.framework */ = {isa = PBXFileReference; lastKnownFileType = wrapper.framework; name = AVFoundation.framework; path = System/Library/Frameworks/AVFoundation.framework; sourceTree = SDKROOT; };
		3B35F6032594DFC5001C9E81 /* AudioToolbox.framework */ = {isa = PBXFileReference; lastKnownFileType = wrapper.framework; name = AudioToolbox.framework; path = System/Library/Frameworks/AudioToolbox.framework; sourceTree = SDKROOT; };
		3B35F6052594DFCC001C9E81 /* AddressBook.framework */ = {isa = PBXFileReference; lastKnownFileType = wrapper.framework; name = AddressBook.framework; path = System/Library/Frameworks/AddressBook.framework; sourceTree = SDKROOT; };
		3B35F6072594DFD8001C9E81 /* Contacts.framework */ = {isa = PBXFileReference; lastKnownFileType = wrapper.framework; name = Contacts.framework; path = System/Library/Frameworks/Contacts.framework; sourceTree = SDKROOT; };
		3B35F6092594DFE2001C9E81 /* SystemConfiguration.framework */ = {isa = PBXFileReference; lastKnownFileType = wrapper.framework; name = SystemConfiguration.framework; path = System/Library/Frameworks/SystemConfiguration.framework; sourceTree = SDKROOT; };
		3B35F60B2594DFEC001C9E81 /* QuartzCore.framework */ = {isa = PBXFileReference; lastKnownFileType = wrapper.framework; name = QuartzCore.framework; path = System/Library/Frameworks/QuartzCore.framework; sourceTree = SDKROOT; };
		3B35F60D2594DFF1001C9E81 /* UIKit.framework */ = {isa = PBXFileReference; lastKnownFileType = wrapper.framework; name = UIKit.framework; path = System/Library/Frameworks/UIKit.framework; sourceTree = SDKROOT; };
		3B35F60F2594E010001C9E81 /* Foundation.framework */ = {isa = PBXFileReference; lastKnownFileType = wrapper.framework; name = Foundation.framework; path = System/Library/Frameworks/Foundation.framework; sourceTree = SDKROOT; };
		3B35F6112594E037001C9E81 /* CoreGraphics.framework */ = {isa = PBXFileReference; lastKnownFileType = wrapper.framework; name = CoreGraphics.framework; path = System/Library/Frameworks/CoreGraphics.framework; sourceTree = SDKROOT; };
		3B35F6162594EAE1001C9E81 /* iflyMSC.framework */ = {isa = PBXFileReference; lastKnownFileType = wrapper.framework; name = iflyMSC.framework; path = QH_OrderS/libs/iflyMSC.framework; sourceTree = "<group>"; };
		3B35F6192594EC09001C9E81 /* ISESettingViewController.h */ = {isa = PBXFileReference; fileEncoding = 4; lastKnownFileType = sourcecode.c.h; path = ISESettingViewController.h; sourceTree = "<group>"; };
		3B35F61B2594EC09001C9E81 /* IVWViewController.h */ = {isa = PBXFileReference; fileEncoding = 4; lastKnownFileType = sourcecode.c.h; path = IVWViewController.h; sourceTree = "<group>"; };
		3B35F61C2594EC09001C9E81 /* IVWViewController.m */ = {isa = PBXFileReference; fileEncoding = 4; lastKnownFileType = sourcecode.c.objc; path = IVWViewController.m; sourceTree = "<group>"; };
		3B35F61D2594EC09001C9E81 /* ISEViewController.h */ = {isa = PBXFileReference; fileEncoding = 4; lastKnownFileType = sourcecode.c.h; path = ISEViewController.h; sourceTree = "<group>"; };
		3B35F61E2594EC09001C9E81 /* ISEParams.m */ = {isa = PBXFileReference; fileEncoding = 4; lastKnownFileType = sourcecode.c.objc; path = ISEParams.m; sourceTree = "<group>"; };
		3B35F6202594EC09001C9E81 /* ISEResultSyll.m */ = {isa = PBXFileReference; fileEncoding = 4; lastKnownFileType = sourcecode.c.objc; path = ISEResultSyll.m; sourceTree = "<group>"; };
		3B35F6212594EC09001C9E81 /* ISEResult.m */ = {isa = PBXFileReference; fileEncoding = 4; lastKnownFileType = sourcecode.c.objc; path = ISEResult.m; sourceTree = "<group>"; };
		3B35F6222594EC09001C9E81 /* ISEResultReadSyllable.m */ = {isa = PBXFileReference; fileEncoding = 4; lastKnownFileType = sourcecode.c.objc; path = ISEResultReadSyllable.m; sourceTree = "<group>"; };
		3B35F6232594EC09001C9E81 /* ISEResultWord.h */ = {isa = PBXFileReference; fileEncoding = 4; lastKnownFileType = sourcecode.c.h; path = ISEResultWord.h; sourceTree = "<group>"; };
		3B35F6242594EC09001C9E81 /* ISEResultReadSentence.m */ = {isa = PBXFileReference; fileEncoding = 4; lastKnownFileType = sourcecode.c.objc; path = ISEResultReadSentence.m; sourceTree = "<group>"; };
		3B35F6252594EC09001C9E81 /* ISEResultReadWord.m */ = {isa = PBXFileReference; fileEncoding = 4; lastKnownFileType = sourcecode.c.objc; path = ISEResultReadWord.m; sourceTree = "<group>"; };
		3B35F6262594EC09001C9E81 /* ISEResultPhone.m */ = {isa = PBXFileReference; fileEncoding = 4; lastKnownFileType = sourcecode.c.objc; path = ISEResultPhone.m; sourceTree = "<group>"; };
		3B35F6272594EC09001C9E81 /* ISEResultSentence.m */ = {isa = PBXFileReference; fileEncoding = 4; lastKnownFileType = sourcecode.c.objc; path = ISEResultSentence.m; sourceTree = "<group>"; };
		3B35F6282594EC09001C9E81 /* ISEResultFinal.h */ = {isa = PBXFileReference; fileEncoding = 4; lastKnownFileType = sourcecode.c.h; path = ISEResultFinal.h; sourceTree = "<group>"; };
		3B35F6292594EC09001C9E81 /* ISEResultXmlParser.h */ = {isa = PBXFileReference; fileEncoding = 4; lastKnownFileType = sourcecode.c.h; path = ISEResultXmlParser.h; sourceTree = "<group>"; };
		3B35F62A2594EC09001C9E81 /* ISEResultTools.h */ = {isa = PBXFileReference; fileEncoding = 4; lastKnownFileType = sourcecode.c.h; path = ISEResultTools.h; sourceTree = "<group>"; };
		3B35F62B2594EC09001C9E81 /* ISEResult.h */ = {isa = PBXFileReference; fileEncoding = 4; lastKnownFileType = sourcecode.c.h; path = ISEResult.h; sourceTree = "<group>"; };
		3B35F62C2594EC09001C9E81 /* ISEResultSyll.h */ = {isa = PBXFileReference; fileEncoding = 4; lastKnownFileType = sourcecode.c.h; path = ISEResultSyll.h; sourceTree = "<group>"; };
		3B35F62D2594EC09001C9E81 /* ISEResultReadSyllable.h */ = {isa = PBXFileReference; fileEncoding = 4; lastKnownFileType = sourcecode.c.h; path = ISEResultReadSyllable.h; sourceTree = "<group>"; };
		3B35F62E2594EC09001C9E81 /* ISEResultPhone.h */ = {isa = PBXFileReference; fileEncoding = 4; lastKnownFileType = sourcecode.c.h; path = ISEResultPhone.h; sourceTree = "<group>"; };
		3B35F62F2594EC09001C9E81 /* ISEResultReadSentence.h */ = {isa = PBXFileReference; fileEncoding = 4; lastKnownFileType = sourcecode.c.h; path = ISEResultReadSentence.h; sourceTree = "<group>"; };
		3B35F6302594EC09001C9E81 /* ISEResultReadWord.h */ = {isa = PBXFileReference; fileEncoding = 4; lastKnownFileType = sourcecode.c.h; path = ISEResultReadWord.h; sourceTree = "<group>"; };
		3B35F6312594EC09001C9E81 /* ISEResultWord.m */ = {isa = PBXFileReference; fileEncoding = 4; lastKnownFileType = sourcecode.c.objc; path = ISEResultWord.m; sourceTree = "<group>"; };
		3B35F6322594EC09001C9E81 /* ISEResultXmlParser.m */ = {isa = PBXFileReference; fileEncoding = 4; lastKnownFileType = sourcecode.c.objc; path = ISEResultXmlParser.m; sourceTree = "<group>"; };
		3B35F6332594EC09001C9E81 /* ISEResultTools.m */ = {isa = PBXFileReference; fileEncoding = 4; lastKnownFileType = sourcecode.c.objc; path = ISEResultTools.m; sourceTree = "<group>"; };
		3B35F6342594EC09001C9E81 /* ISEResultFinal.m */ = {isa = PBXFileReference; fileEncoding = 4; lastKnownFileType = sourcecode.c.objc; path = ISEResultFinal.m; sourceTree = "<group>"; };
		3B35F6352594EC09001C9E81 /* ISEResultSentence.h */ = {isa = PBXFileReference; fileEncoding = 4; lastKnownFileType = sourcecode.c.h; path = ISEResultSentence.h; sourceTree = "<group>"; };
		3B35F6362594EC09001C9E81 /* ISESettingViewController.m */ = {isa = PBXFileReference; fileEncoding = 4; lastKnownFileType = sourcecode.c.objc; path = ISESettingViewController.m; sourceTree = "<group>"; };
		3B35F6372594EC09001C9E81 /* ISEParams.h */ = {isa = PBXFileReference; fileEncoding = 4; lastKnownFileType = sourcecode.c.h; name = ISEParams.h; path = ../ISEParams.h; sourceTree = "<group>"; };
		3B35F6382594EC09001C9E81 /* ISEViewController.m */ = {isa = PBXFileReference; fileEncoding = 4; lastKnownFileType = sourcecode.c.objc; path = ISEViewController.m; sourceTree = "<group>"; };
		3B35F6492594ECA1001C9E81 /* AlertView.h */ = {isa = PBXFileReference; fileEncoding = 4; lastKnownFileType = sourcecode.c.h; path = AlertView.h; sourceTree = "<group>"; };
		3B35F64B2594ECA1001C9E81 /* IFlyContact.h */ = {isa = PBXFileReference; fileEncoding = 4; lastKnownFileType = sourcecode.c.h; path = IFlyContact.h; sourceTree = "<group>"; };
		3B35F64C2594ECA1001C9E81 /* IFlyContact.m */ = {isa = PBXFileReference; fileEncoding = 4; lastKnownFileType = sourcecode.c.objc; path = IFlyContact.m; sourceTree = "<group>"; };
		3B35F64D2594ECA1001C9E81 /* PopupView.m */ = {isa = PBXFileReference; fileEncoding = 4; lastKnownFileType = sourcecode.c.objc; path = PopupView.m; sourceTree = "<group>"; };
		3B35F64F2594ECA1001C9E81 /* SBJson4Parser.h */ = {isa = PBXFileReference; fileEncoding = 4; lastKnownFileType = sourcecode.c.h; path = SBJson4Parser.h; sourceTree = "<group>"; };
		3B35F6502594ECA1001C9E81 /* SBJson4StreamParser.m */ = {isa = PBXFileReference; fileEncoding = 4; lastKnownFileType = sourcecode.c.objc; path = SBJson4StreamParser.m; sourceTree = "<group>"; };
		3B35F6512594ECA1001C9E81 /* SBJson4StreamTokeniser.m */ = {isa = PBXFileReference; fileEncoding = 4; lastKnownFileType = sourcecode.c.objc; path = SBJson4StreamTokeniser.m; sourceTree = "<group>"; };
		3B35F6522594ECA1001C9E81 /* SBJson4StreamParserState.m */ = {isa = PBXFileReference; fileEncoding = 4; lastKnownFileType = sourcecode.c.objc; path = SBJson4StreamParserState.m; sourceTree = "<group>"; };
		3B35F6532594ECA1001C9E81 /* SBJson4StreamWriterState.m */ = {isa = PBXFileReference; fileEncoding = 4; lastKnownFileType = sourcecode.c.objc; path = SBJson4StreamWriterState.m; sourceTree = "<group>"; };
		3B35F6542594ECA1001C9E81 /* SBJson4Writer.m */ = {isa = PBXFileReference; fileEncoding = 4; lastKnownFileType = sourcecode.c.objc; path = SBJson4Writer.m; sourceTree = "<group>"; };
		3B35F6552594ECA1001C9E81 /* SBJson4StreamWriter.h */ = {isa = PBXFileReference; fileEncoding = 4; lastKnownFileType = sourcecode.c.h; path = SBJson4StreamWriter.h; sourceTree = "<group>"; };
		3B35F6562594ECA1001C9E81 /* SBJson4.h */ = {isa = PBXFileReference; fileEncoding = 4; lastKnownFileType = sourcecode.c.h; path = SBJson4.h; sourceTree = "<group>"; };
		3B35F6572594ECA1001C9E81 /* SBJson4StreamParser.h */ = {isa = PBXFileReference; fileEncoding = 4; lastKnownFileType = sourcecode.c.h; path = SBJson4StreamParser.h; sourceTree = "<group>"; };
		3B35F6582594ECA1001C9E81 /* SBJson4Parser.m */ = {isa = PBXFileReference; fileEncoding = 4; lastKnownFileType = sourcecode.c.objc; path = SBJson4Parser.m; sourceTree = "<group>"; };
		3B35F6592594ECA1001C9E81 /* SBJson4StreamParserState.h */ = {isa = PBXFileReference; fileEncoding = 4; lastKnownFileType = sourcecode.c.h; path = SBJson4StreamParserState.h; sourceTree = "<group>"; };
		3B35F65A2594ECA1001C9E81 /* SBJson4StreamTokeniser.h */ = {isa = PBXFileReference; fileEncoding = 4; lastKnownFileType = sourcecode.c.h; path = SBJson4StreamTokeniser.h; sourceTree = "<group>"; };
		3B35F65B2594ECA1001C9E81 /* SBJson4StreamWriter.m */ = {isa = PBXFileReference; fileEncoding = 4; lastKnownFileType = sourcecode.c.objc; path = SBJson4StreamWriter.m; sourceTree = "<group>"; };
		3B35F65C2594ECA1001C9E81 /* SBJson4Writer.h */ = {isa = PBXFileReference; fileEncoding = 4; lastKnownFileType = sourcecode.c.h; path = SBJson4Writer.h; sourceTree = "<group>"; };
		3B35F65D2594ECA1001C9E81 /* SBJson4StreamWriterState.h */ = {isa = PBXFileReference; fileEncoding = 4; lastKnownFileType = sourcecode.c.h; path = SBJson4StreamWriterState.h; sourceTree = "<group>"; };
		3B35F65E2594ECA1001C9E81 /* AlertView.m */ = {isa = PBXFileReference; fileEncoding = 4; lastKnownFileType = sourcecode.c.objc; path = AlertView.m; sourceTree = "<group>"; };
		3B35F6602594ECA1001C9E81 /* PcmPlayer.h */ = {isa = PBXFileReference; fileEncoding = 4; lastKnownFileType = sourcecode.c.h; path = PcmPlayer.h; sourceTree = "<group>"; };
		3B35F6612594ECA1001C9E81 /* PcmPlayerDelegate.h */ = {isa = PBXFileReference; fileEncoding = 4; lastKnownFileType = sourcecode.c.h; path = PcmPlayerDelegate.h; sourceTree = "<group>"; };
		3B35F6622594ECA1001C9E81 /* PcmPlayer.m */ = {isa = PBXFileReference; fileEncoding = 4; lastKnownFileType = sourcecode.c.objc; path = PcmPlayer.m; sourceTree = "<group>"; };
		3B35F6632594ECA1001C9E81 /* PopupView.h */ = {isa = PBXFileReference; fileEncoding = 4; lastKnownFileType = sourcecode.c.h; path = PopupView.h; sourceTree = "<group>"; };
		3B35F6702594ECD3001C9E81 /* IATConfigViewController.m */ = {isa = PBXFileReference; fileEncoding = 4; lastKnownFileType = sourcecode.c.objc; path = IATConfigViewController.m; sourceTree = "<group>"; };
		3B35F6712594ECD3001C9E81 /* ISRDataHelper.m */ = {isa = PBXFileReference; fileEncoding = 4; lastKnownFileType = sourcecode.c.objc; path = ISRDataHelper.m; sourceTree = "<group>"; };
		3B35F6722594ECD3001C9E81 /* IATConfig.h */ = {isa = PBXFileReference; fileEncoding = 4; lastKnownFileType = sourcecode.c.h; path = IATConfig.h; sourceTree = "<group>"; };
		3B35F6732594ECD3001C9E81 /* IATViewController.h */ = {isa = PBXFileReference; fileEncoding = 4; lastKnownFileType = sourcecode.c.h; path = IATViewController.h; sourceTree = "<group>"; };
		3B35F6742594ECD3001C9E81 /* IATConfigViewController.h */ = {isa = PBXFileReference; fileEncoding = 4; lastKnownFileType = sourcecode.c.h; path = IATConfigViewController.h; sourceTree = "<group>"; };
		3B35F6752594ECD3001C9E81 /* IATConfig.m */ = {isa = PBXFileReference; fileEncoding = 4; lastKnownFileType = sourcecode.c.objc; path = IATConfig.m; sourceTree = "<group>"; };
		3B35F6762594ECD3001C9E81 /* ISRDataHelper.h */ = {isa = PBXFileReference; fileEncoding = 4; lastKnownFileType = sourcecode.c.h; path = ISRDataHelper.h; sourceTree = "<group>"; };
		3B35F6772594ECD3001C9E81 /* IATViewController.m */ = {isa = PBXFileReference; fileEncoding = 4; lastKnownFileType = sourcecode.c.objc; path = IATViewController.m; sourceTree = "<group>"; };
		3B35F67C2594ECFB001C9E81 /* Definition.h */ = {isa = PBXFileReference; lastKnownFileType = sourcecode.c.h; path = Definition.h; sourceTree = "<group>"; };
		3B35F67E2594ED46001C9E81 /* SAMath.m */ = {isa = PBXFileReference; fileEncoding = 4; lastKnownFileType = sourcecode.c.objc; path = SAMath.m; sourceTree = "<group>"; };
		3B35F67F2594ED46001C9E81 /* SAMultisectorControl.h */ = {isa = PBXFileReference; fileEncoding = 4; lastKnownFileType = sourcecode.c.h; path = SAMultisectorControl.h; sourceTree = "<group>"; };
		3B35F6802594ED46001C9E81 /* AKPickerView.m */ = {isa = PBXFileReference; fileEncoding = 4; lastKnownFileType = sourcecode.c.objc; path = AKPickerView.m; sourceTree = "<group>"; };
		3B35F6812594ED46001C9E81 /* SAMath.h */ = {isa = PBXFileReference; fileEncoding = 4; lastKnownFileType = sourcecode.c.h; path = SAMath.h; sourceTree = "<group>"; };
		3B35F6822594ED46001C9E81 /* SAMultisectorControl.m */ = {isa = PBXFileReference; fileEncoding = 4; lastKnownFileType = sourcecode.c.objc; path = SAMultisectorControl.m; sourceTree = "<group>"; };
		3B35F6832594ED46001C9E81 /* AKPickerView.h */ = {isa = PBXFileReference; fileEncoding = 4; lastKnownFileType = sourcecode.c.h; path = AKPickerView.h; sourceTree = "<group>"; };
		3B35F6872594EED3001C9E81 /* ISEViewController.xib */ = {isa = PBXFileReference; lastKnownFileType = file.xib; path = ISEViewController.xib; sourceTree = "<group>"; };
		3B43567E233DFE0400D38552 /* YBNeighborLocationCell.xib */ = {isa = PBXFileReference; fileEncoding = 4; lastKnownFileType = file.xib; path = YBNeighborLocationCell.xib; sourceTree = "<group>"; };
		3B43567F233DFE0400D38552 /* YBNeighborLocationCell.h */ = {isa = PBXFileReference; fileEncoding = 4; lastKnownFileType = sourcecode.c.h; path = YBNeighborLocationCell.h; sourceTree = "<group>"; };
		3B435680233DFE0400D38552 /* YBCurrentLocationCell.m */ = {isa = PBXFileReference; fileEncoding = 4; lastKnownFileType = sourcecode.c.objc; path = YBCurrentLocationCell.m; sourceTree = "<group>"; };
		3B435681233DFE0400D38552 /* YBCurrentLocationCell.xib */ = {isa = PBXFileReference; fileEncoding = 4; lastKnownFileType = file.xib; path = YBCurrentLocationCell.xib; sourceTree = "<group>"; };
		3B435682233DFE0400D38552 /* YBNeighborLocationCell.m */ = {isa = PBXFileReference; fileEncoding = 4; lastKnownFileType = sourcecode.c.objc; path = YBNeighborLocationCell.m; sourceTree = "<group>"; };
		3B435683233DFE0400D38552 /* YBCurrentLocationCell.h */ = {isa = PBXFileReference; fileEncoding = 4; lastKnownFileType = sourcecode.c.h; path = YBCurrentLocationCell.h; sourceTree = "<group>"; };
		3B435685233DFE0400D38552 /* YBLocationSearchResultViewController.h */ = {isa = PBXFileReference; fileEncoding = 4; lastKnownFileType = sourcecode.c.h; path = YBLocationSearchResultViewController.h; sourceTree = "<group>"; };
		3B435686233DFE0400D38552 /* YBShowLocationVC.h */ = {isa = PBXFileReference; fileEncoding = 4; lastKnownFileType = sourcecode.c.h; path = YBShowLocationVC.h; sourceTree = "<group>"; };
		3B435687233DFE0400D38552 /* YBShowPanoranaVC.h */ = {isa = PBXFileReference; fileEncoding = 4; lastKnownFileType = sourcecode.c.h; path = YBShowPanoranaVC.h; sourceTree = "<group>"; };
		3B435688233DFE0400D38552 /* YBShowLocationVC.xib */ = {isa = PBXFileReference; fileEncoding = 4; lastKnownFileType = file.xib; path = YBShowLocationVC.xib; sourceTree = "<group>"; };
		3B435689233DFE0400D38552 /* YBLocationSearchResultViewController.m */ = {isa = PBXFileReference; fileEncoding = 4; lastKnownFileType = sourcecode.c.objc; path = YBLocationSearchResultViewController.m; sourceTree = "<group>"; };
		3B43568A233DFE0400D38552 /* YBShowLocationVC.mm */ = {isa = PBXFileReference; fileEncoding = 4; lastKnownFileType = sourcecode.cpp.objcpp; path = YBShowLocationVC.mm; sourceTree = "<group>"; };
		3B43568B233DFE0400D38552 /* YBLocationPickerViewController.h */ = {isa = PBXFileReference; fileEncoding = 4; lastKnownFileType = sourcecode.c.h; path = YBLocationPickerViewController.h; sourceTree = "<group>"; };
		3B43568C233DFE0400D38552 /* YBShowPanoranaVC.m */ = {isa = PBXFileReference; fileEncoding = 4; lastKnownFileType = sourcecode.c.objc; path = YBShowPanoranaVC.m; sourceTree = "<group>"; };
		3B43568D233DFE0400D38552 /* YBLocationPickerViewController.mm */ = {isa = PBXFileReference; fileEncoding = 4; lastKnownFileType = sourcecode.cpp.objcpp; path = YBLocationPickerViewController.mm; sourceTree = "<group>"; };
		3B435690233DFE0400D38552 /* BaiduPanoSDK.framework */ = {isa = PBXFileReference; lastKnownFileType = wrapper.framework; path = BaiduPanoSDK.framework; sourceTree = "<group>"; };
		3B54E9EF800DFD786F5143B1 /* Pods-QH_OrderS.debug.xcconfig */ = {isa = PBXFileReference; includeInIndex = 1; lastKnownFileType = text.xcconfig; name = "Pods-QH_OrderS.debug.xcconfig"; path = "Pods/Target Support Files/Pods-QH_OrderS/Pods-QH_OrderS.debug.xcconfig"; sourceTree = "<group>"; };
		3B6DF9802613431100F69C4B /* dist.zip */ = {isa = PBXFileReference; lastKnownFileType = archive.zip; path = dist.zip; sourceTree = "<group>"; };
		3B79284922F432AF009FCAF8 /* LMGetLoc.m */ = {isa = PBXFileReference; fileEncoding = 4; lastKnownFileType = sourcecode.c.objc; path = LMGetLoc.m; sourceTree = "<group>"; };
		3B79284A22F432AF009FCAF8 /* IOSToVue.m */ = {isa = PBXFileReference; fileEncoding = 4; lastKnownFileType = sourcecode.c.objc; path = IOSToVue.m; sourceTree = "<group>"; };
		3B79284B22F432AF009FCAF8 /* Tools.m */ = {isa = PBXFileReference; fileEncoding = 4; lastKnownFileType = sourcecode.c.objc; path = Tools.m; sourceTree = "<group>"; };
		3B79284C22F432AF009FCAF8 /* IOSToVue.h */ = {isa = PBXFileReference; fileEncoding = 4; lastKnownFileType = sourcecode.c.h; path = IOSToVue.h; sourceTree = "<group>"; };
		3B79284D22F432AF009FCAF8 /* LMGetLoc.h */ = {isa = PBXFileReference; fileEncoding = 4; lastKnownFileType = sourcecode.c.h; path = LMGetLoc.h; sourceTree = "<group>"; };
		3B79284E22F432AF009FCAF8 /* Tools.h */ = {isa = PBXFileReference; fileEncoding = 4; lastKnownFileType = sourcecode.c.h; path = Tools.h; sourceTree = "<group>"; };
		3BA4772A259FFD280078F57E /* iflyMSC.framework */ = {isa = PBXFileReference; lastKnownFileType = wrapper.framework; path = iflyMSC.framework; sourceTree = "<group>"; };
		3BA4773025A07AC00078F57E /* libmp3lame.a */ = {isa = PBXFileReference; lastKnownFileType = archive.ar; path = libmp3lame.a; sourceTree = "<group>"; };
		3BA4773125A07AC00078F57E /* lame.h */ = {isa = PBXFileReference; fileEncoding = 4; lastKnownFileType = sourcecode.c.h; path = lame.h; sourceTree = "<group>"; };
		3BBB5D3D2466620D002FE6A3 /* 高效速读.entitlements */ = {isa = PBXFileReference; lastKnownFileType = text.plist.entitlements; path = "高效速读.entitlements"; sourceTree = "<group>"; };
		3BBF8B66233B616F0070A8ED /* libsqlite3.0.tbd */ = {isa = PBXFileReference; lastKnownFileType = "sourcecode.text-based-dylib-definition"; name = libsqlite3.0.tbd; path = usr/lib/libsqlite3.0.tbd; sourceTree = SDKROOT; };
		3BCCA66A265F7FE600FD4388 /* fandu.m4a */ = {isa = PBXFileReference; lastKnownFileType = file; path = fandu.m4a; sourceTree = "<group>"; };
		3BD20FA2230A9E73001A52A4 /* ServiceTools.m */ = {isa = PBXFileReference; fileEncoding = 4; lastKnownFileType = sourcecode.c.objc; path = ServiceTools.m; sourceTree = "<group>"; };
		3BD20FA3230A9E73001A52A4 /* ServiceTools.h */ = {isa = PBXFileReference; fileEncoding = 4; lastKnownFileType = sourcecode.c.h; path = ServiceTools.h; sourceTree = "<group>"; };
		3BD20FAB230AC9CE001A52A4 /* BMKLocationKit.framework */ = {isa = PBXFileReference; lastKnownFileType = wrapper.framework; path = BMKLocationKit.framework; sourceTree = "<group>"; };
		3BE88E9F232169FD008AC8E7 /* RouteAnnotation.h */ = {isa = PBXFileReference; fileEncoding = 4; lastKnownFileType = sourcecode.c.h; path = RouteAnnotation.h; sourceTree = "<group>"; };
		3BE88EA0232169FD008AC8E7 /* LocationModel.m */ = {isa = PBXFileReference; fileEncoding = 4; lastKnownFileType = sourcecode.c.objc; path = LocationModel.m; sourceTree = "<group>"; };
		3BE88EA1232169FD008AC8E7 /* RouteAnnotation.m */ = {isa = PBXFileReference; fileEncoding = 4; lastKnownFileType = sourcecode.c.objc; path = RouteAnnotation.m; sourceTree = "<group>"; };
		3BE88EA2232169FD008AC8E7 /* LocationModel.h */ = {isa = PBXFileReference; fileEncoding = 4; lastKnownFileType = sourcecode.c.h; path = LocationModel.h; sourceTree = "<group>"; };
		7DA69FEE1BB9777B55ADB628 /* libPods-QH_OrderS.a */ = {isa = PBXFileReference; explicitFileType = archive.ar; includeInIndex = 0; path = "libPods-QH_OrderS.a"; sourceTree = BUILT_PRODUCTS_DIR; };
		D9891314D5E289145FAAB882 /* Pods-QH_OrderS.release.xcconfig */ = {isa = PBXFileReference; includeInIndex = 1; lastKnownFileType = text.xcconfig; name = "Pods-QH_OrderS.release.xcconfig"; path = "Pods/Target Support Files/Pods-QH_OrderS/Pods-QH_OrderS.release.xcconfig"; sourceTree = "<group>"; };
/* End PBXFileReference section */

/* Begin PBXFrameworksBuildPhase section */
		3B297DB622DD6D750028847C /* Frameworks */ = {
			isa = PBXFrameworksBuildPhase;
			buildActionMask = 2147483647;
			files = (
				3B348A0525AB27C200A2C64E /* libstdc++.6.0.9.tbd in Frameworks */,
				3BA4773225A07AC00078F57E /* libmp3lame.a in Frameworks */,
				3B35F6172594EAE1001C9E81 /* iflyMSC.framework in Frameworks */,
				3B35F6122594E037001C9E81 /* CoreGraphics.framework in Frameworks */,
				3B35F6102594E010001C9E81 /* Foundation.framework in Frameworks */,
				3B35F60E2594DFF1001C9E81 /* UIKit.framework in Frameworks */,
				3B35F60C2594DFEC001C9E81 /* QuartzCore.framework in Frameworks */,
				3B35F60A2594DFE2001C9E81 /* SystemConfiguration.framework in Frameworks */,
				3BA4772B259FFD280078F57E /* iflyMSC.framework in Frameworks */,
				3B35F6082594DFD8001C9E81 /* Contacts.framework in Frameworks */,
				3B35F6062594DFCC001C9E81 /* AddressBook.framework in Frameworks */,
				3B35F6042594DFC5001C9E81 /* AudioToolbox.framework in Frameworks */,
				3B35F6022594DFB6001C9E81 /* AVFoundation.framework in Frameworks */,
				3B35F6002594DFB0001C9E81 /* CoreTelephony.framework in Frameworks */,
				3B35F5FE2594DFA8001C9E81 /* CoreLocation.framework in Frameworks */,
				3B35F5FC2594DF98001C9E81 /* libc++.tbd in Frameworks */,
				3B35F5FA2594DF8D001C9E81 /* libz.tbd in Frameworks */,
				9CFB11A5FB77436ED36CDE93 /* libPods-QH_OrderS.a in Frameworks */,
				3BD20FAC230AC9CE001A52A4 /* BMKLocationKit.framework in Frameworks */,
				3B43569A233DFE0400D38552 /* BaiduPanoSDK.framework in Frameworks */,
			);
			runOnlyForDeploymentPostprocessing = 0;
		};
		3B297DCE22DD6D760028847C /* Frameworks */ = {
			isa = PBXFrameworksBuildPhase;
			buildActionMask = 2147483647;
			files = (
			);
			runOnlyForDeploymentPostprocessing = 0;
		};
		3B297DD922DD6D760028847C /* Frameworks */ = {
			isa = PBXFrameworksBuildPhase;
			buildActionMask = 2147483647;
			files = (
			);
			runOnlyForDeploymentPostprocessing = 0;
		};
/* End PBXFrameworksBuildPhase section */

/* Begin PBXGroup section */
		3B04E18B22DD9DE9005840FC /* Third */ = {
			isa = PBXGroup;
			children = (
				3BA4772F25A07AC00078F57E /* lame */,
				3B35F67D2594ED46001C9E81 /* SettingView */,
				3B35F67C2594ECFB001C9E81 /* Definition.h */,
				3B35F66F2594ECD3001C9E81 /* isr */,
				3B35F6482594ECA1001C9E81 /* tools */,
				3B35F6182594EC09001C9E81 /* ise */,
				3B43567B233DFE0400D38552 /* WeChatSendLocation */,
				3B04E18E22DD9DE9005840FC /* Reachability */,
				3B04E19122DD9DE9005840FC /* XHVersion */,
			);
			path = Third;
			sourceTree = "<group>";
		};
		3B04E18E22DD9DE9005840FC /* Reachability */ = {
			isa = PBXGroup;
			children = (
				3B04E18F22DD9DE9005840FC /* Reachability.m */,
				3B04E19022DD9DE9005840FC /* Reachability.h */,
			);
			path = Reachability;
			sourceTree = "<group>";
		};
		3B04E19122DD9DE9005840FC /* XHVersion */ = {
			isa = PBXGroup;
			children = (
				3B04E19222DD9DE9005840FC /* XHVersionRequest.h */,
				3B04E19322DD9DE9005840FC /* XHVersion.m */,
				3B04E19422DD9DE9005840FC /* XHAppInfo.m */,
				3B04E19522DD9DE9005840FC /* XHVersionRequest.m */,
				3B04E19622DD9DE9005840FC /* XHVersion.h */,
				3B04E19722DD9DE9005840FC /* XHAppInfo.h */,
			);
			path = XHVersion;
			sourceTree = "<group>";
		};
		3B297DB022DD6D750028847C = {
			isa = PBXGroup;
			children = (
				3B297DBB22DD6D750028847C /* QH_OrderS */,
				3B297DD422DD6D760028847C /* QH_OrderSTests */,
				3B297DDF22DD6D760028847C /* QH_OrderSUITests */,
				3B297DBA22DD6D750028847C /* Products */,
				DC52D232FFD69926DA3CCB88 /* Pods */,
				514E8D55CD784956C1D5D71F /* Frameworks */,
			);
			sourceTree = "<group>";
		};
		3B297DBA22DD6D750028847C /* Products */ = {
			isa = PBXGroup;
			children = (
				3B297DB922DD6D750028847C /* 高效速读.app */,
				3B297DD122DD6D760028847C /* QH_OrderSTests.xctest */,
				3B297DDC22DD6D760028847C /* QH_OrderSUITests.xctest */,
			);
			name = Products;
			sourceTree = "<group>";
		};
		3B297DBB22DD6D750028847C /* QH_OrderS */ = {
			isa = PBXGroup;
			children = (
				3BBB5D3D2466620D002FE6A3 /* 高效速读.entitlements */,
				3BCCA66A265F7FE600FD4388 /* fandu.m4a */,
				3B6DF9802613431100F69C4B /* dist.zip */,
				3B04E18522DD757F005840FC /* Default-568@2x.png */,
				3BE88E9E232169FD008AC8E7 /* Custum */,
				3B2CFB7F231D3E9F0039C483 /* Category */,
				3BD20FA1230A9E73001A52A4 /* Service */,
				3B79284822F432AF009FCAF8 /* Tools */,
				3B04E18B22DD9DE9005840FC /* Third */,
				3B297DBC22DD6D750028847C /* AppDelegate.h */,
				3B297DBD22DD6D750028847C /* AppDelegate.m */,
				3B297DBF22DD6D750028847C /* ViewController.h */,
				3B297DC022DD6D750028847C /* ViewController.m */,
				3B297DC522DD6D760028847C /* Assets.xcassets */,
				3B297DC722DD6D760028847C /* LaunchScreen.storyboard */,
				3B297DCA22DD6D760028847C /* Info.plist */,
				3B297DCB22DD6D760028847C /* main.m */,
				3B04E18722DD778B005840FC /* QH_OrderS.pch */,
				3BD20FAA230AC9CE001A52A4 /* libs */,
			);
			path = QH_OrderS;
			sourceTree = "<group>";
		};
		3B297DD422DD6D760028847C /* QH_OrderSTests */ = {
			isa = PBXGroup;
			children = (
				3B297DD522DD6D760028847C /* QH_OrderSTests.m */,
				3B297DD722DD6D760028847C /* Info.plist */,
			);
			path = QH_OrderSTests;
			sourceTree = "<group>";
		};
		3B297DDF22DD6D760028847C /* QH_OrderSUITests */ = {
			isa = PBXGroup;
			children = (
				3B297DE022DD6D760028847C /* QH_OrderSUITests.m */,
				3B297DE222DD6D760028847C /* Info.plist */,
			);
			path = QH_OrderSUITests;
			sourceTree = "<group>";
		};
		3B2CFB7F231D3E9F0039C483 /* Category */ = {
			isa = PBXGroup;
			children = (
				3B2CFB80231D3E9F0039C483 /* NSDictionary+Extension.h */,
				3B2CFB81231D3E9F0039C483 /* NSString+toDict.h */,
				3B2CFB82231D3E9F0039C483 /* NSArray+Extension.m */,
				3B2CFB83231D3E9F0039C483 /* NSDictionary+toString.m */,
				3B2CFB84231D3E9F0039C483 /* NSString+toDict.m */,
				3B2CFB85231D3E9F0039C483 /* NSDictionary+Extension.m */,
				3B2CFB86231D3E9F0039C483 /* NSArray+Extension.h */,
				3B2CFB87231D3E9F0039C483 /* NSDictionary+toString.h */,
			);
			path = Category;
			sourceTree = "<group>";
		};
		3B35F6182594EC09001C9E81 /* ise */ = {
			isa = PBXGroup;
			children = (
				3B35F61A2594EC09001C9E81 /* ivw */,
				3B35F61F2594EC09001C9E81 /* Results */,
				3B35F61E2594EC09001C9E81 /* ISEParams.m */,
				3B35F6192594EC09001C9E81 /* ISESettingViewController.h */,
				3B35F6362594EC09001C9E81 /* ISESettingViewController.m */,
				3B35F61D2594EC09001C9E81 /* ISEViewController.h */,
				3B35F6382594EC09001C9E81 /* ISEViewController.m */,
				3B35F6872594EED3001C9E81 /* ISEViewController.xib */,
			);
			path = ise;
			sourceTree = "<group>";
		};
		3B35F61A2594EC09001C9E81 /* ivw */ = {
			isa = PBXGroup;
			children = (
				3B35F6372594EC09001C9E81 /* ISEParams.h */,
				3B35F61B2594EC09001C9E81 /* IVWViewController.h */,
				3B35F61C2594EC09001C9E81 /* IVWViewController.m */,
			);
			path = ivw;
			sourceTree = "<group>";
		};
		3B35F61F2594EC09001C9E81 /* Results */ = {
			isa = PBXGroup;
			children = (
				3B35F6202594EC09001C9E81 /* ISEResultSyll.m */,
				3B35F6212594EC09001C9E81 /* ISEResult.m */,
				3B35F6222594EC09001C9E81 /* ISEResultReadSyllable.m */,
				3B35F6232594EC09001C9E81 /* ISEResultWord.h */,
				3B35F6242594EC09001C9E81 /* ISEResultReadSentence.m */,
				3B35F6252594EC09001C9E81 /* ISEResultReadWord.m */,
				3B35F6262594EC09001C9E81 /* ISEResultPhone.m */,
				3B35F6272594EC09001C9E81 /* ISEResultSentence.m */,
				3B35F6282594EC09001C9E81 /* ISEResultFinal.h */,
				3B35F6292594EC09001C9E81 /* ISEResultXmlParser.h */,
				3B35F62A2594EC09001C9E81 /* ISEResultTools.h */,
				3B35F62B2594EC09001C9E81 /* ISEResult.h */,
				3B35F62C2594EC09001C9E81 /* ISEResultSyll.h */,
				3B35F62D2594EC09001C9E81 /* ISEResultReadSyllable.h */,
				3B35F62E2594EC09001C9E81 /* ISEResultPhone.h */,
				3B35F62F2594EC09001C9E81 /* ISEResultReadSentence.h */,
				3B35F6302594EC09001C9E81 /* ISEResultReadWord.h */,
				3B35F6312594EC09001C9E81 /* ISEResultWord.m */,
				3B35F6322594EC09001C9E81 /* ISEResultXmlParser.m */,
				3B35F6332594EC09001C9E81 /* ISEResultTools.m */,
				3B35F6342594EC09001C9E81 /* ISEResultFinal.m */,
				3B35F6352594EC09001C9E81 /* ISEResultSentence.h */,
			);
			path = Results;
			sourceTree = "<group>";
		};
		3B35F6482594ECA1001C9E81 /* tools */ = {
			isa = PBXGroup;
			children = (
				3B35F6492594ECA1001C9E81 /* AlertView.h */,
				3B35F64A2594ECA1001C9E81 /* contact */,
				3B35F64D2594ECA1001C9E81 /* PopupView.m */,
				3B35F64E2594ECA1001C9E81 /* SBJson */,
				3B35F65E2594ECA1001C9E81 /* AlertView.m */,
				3B35F65F2594ECA1001C9E81 /* pcmPlayerCode */,
				3B35F6632594ECA1001C9E81 /* PopupView.h */,
			);
			path = tools;
			sourceTree = "<group>";
		};
		3B35F64A2594ECA1001C9E81 /* contact */ = {
			isa = PBXGroup;
			children = (
				3B35F64B2594ECA1001C9E81 /* IFlyContact.h */,
				3B35F64C2594ECA1001C9E81 /* IFlyContact.m */,
			);
			path = contact;
			sourceTree = "<group>";
		};
		3B35F64E2594ECA1001C9E81 /* SBJson */ = {
			isa = PBXGroup;
			children = (
				3B35F64F2594ECA1001C9E81 /* SBJson4Parser.h */,
				3B35F6502594ECA1001C9E81 /* SBJson4StreamParser.m */,
				3B35F6512594ECA1001C9E81 /* SBJson4StreamTokeniser.m */,
				3B35F6522594ECA1001C9E81 /* SBJson4StreamParserState.m */,
				3B35F6532594ECA1001C9E81 /* SBJson4StreamWriterState.m */,
				3B35F6542594ECA1001C9E81 /* SBJson4Writer.m */,
				3B35F6552594ECA1001C9E81 /* SBJson4StreamWriter.h */,
				3B35F6562594ECA1001C9E81 /* SBJson4.h */,
				3B35F6572594ECA1001C9E81 /* SBJson4StreamParser.h */,
				3B35F6582594ECA1001C9E81 /* SBJson4Parser.m */,
				3B35F6592594ECA1001C9E81 /* SBJson4StreamParserState.h */,
				3B35F65A2594ECA1001C9E81 /* SBJson4StreamTokeniser.h */,
				3B35F65B2594ECA1001C9E81 /* SBJson4StreamWriter.m */,
				3B35F65C2594ECA1001C9E81 /* SBJson4Writer.h */,
				3B35F65D2594ECA1001C9E81 /* SBJson4StreamWriterState.h */,
			);
			path = SBJson;
			sourceTree = "<group>";
		};
		3B35F65F2594ECA1001C9E81 /* pcmPlayerCode */ = {
			isa = PBXGroup;
			children = (
				3B35F6602594ECA1001C9E81 /* PcmPlayer.h */,
				3B35F6612594ECA1001C9E81 /* PcmPlayerDelegate.h */,
				3B35F6622594ECA1001C9E81 /* PcmPlayer.m */,
			);
			path = pcmPlayerCode;
			sourceTree = "<group>";
		};
		3B35F66F2594ECD3001C9E81 /* isr */ = {
			isa = PBXGroup;
			children = (
				3B35F6702594ECD3001C9E81 /* IATConfigViewController.m */,
				3B35F6712594ECD3001C9E81 /* ISRDataHelper.m */,
				3B35F6722594ECD3001C9E81 /* IATConfig.h */,
				3B35F6732594ECD3001C9E81 /* IATViewController.h */,
				3B35F6742594ECD3001C9E81 /* IATConfigViewController.h */,
				3B35F6752594ECD3001C9E81 /* IATConfig.m */,
				3B35F6762594ECD3001C9E81 /* ISRDataHelper.h */,
				3B35F6772594ECD3001C9E81 /* IATViewController.m */,
			);
			path = isr;
			sourceTree = "<group>";
		};
		3B35F67D2594ED46001C9E81 /* SettingView */ = {
			isa = PBXGroup;
			children = (
				3B35F67E2594ED46001C9E81 /* SAMath.m */,
				3B35F67F2594ED46001C9E81 /* SAMultisectorControl.h */,
				3B35F6802594ED46001C9E81 /* AKPickerView.m */,
				3B35F6812594ED46001C9E81 /* SAMath.h */,
				3B35F6822594ED46001C9E81 /* SAMultisectorControl.m */,
				3B35F6832594ED46001C9E81 /* AKPickerView.h */,
			);
			path = SettingView;
			sourceTree = "<group>";
		};
		3B43567B233DFE0400D38552 /* WeChatSendLocation */ = {
			isa = PBXGroup;
			children = (
				3B43567C233DFE0400D38552 /* LocationModule */,
				3B43568E233DFE0400D38552 /* Vender */,
			);
			path = WeChatSendLocation;
			sourceTree = "<group>";
		};
		3B43567C233DFE0400D38552 /* LocationModule */ = {
			isa = PBXGroup;
			children = (
				3B43567D233DFE0400D38552 /* Cell */,
				3B435684233DFE0400D38552 /* ViewController */,
			);
			path = LocationModule;
			sourceTree = "<group>";
		};
		3B43567D233DFE0400D38552 /* Cell */ = {
			isa = PBXGroup;
			children = (
				3B43567E233DFE0400D38552 /* YBNeighborLocationCell.xib */,
				3B43567F233DFE0400D38552 /* YBNeighborLocationCell.h */,
				3B435680233DFE0400D38552 /* YBCurrentLocationCell.m */,
				3B435681233DFE0400D38552 /* YBCurrentLocationCell.xib */,
				3B435682233DFE0400D38552 /* YBNeighborLocationCell.m */,
				3B435683233DFE0400D38552 /* YBCurrentLocationCell.h */,
			);
			path = Cell;
			sourceTree = "<group>";
		};
		3B435684233DFE0400D38552 /* ViewController */ = {
			isa = PBXGroup;
			children = (
				3B435686233DFE0400D38552 /* YBShowLocationVC.h */,
				3B43568A233DFE0400D38552 /* YBShowLocationVC.mm */,
				3B435687233DFE0400D38552 /* YBShowPanoranaVC.h */,
				3B43568C233DFE0400D38552 /* YBShowPanoranaVC.m */,
				3B435688233DFE0400D38552 /* YBShowLocationVC.xib */,
				3B43568B233DFE0400D38552 /* YBLocationPickerViewController.h */,
				3B43568D233DFE0400D38552 /* YBLocationPickerViewController.mm */,
				3B435685233DFE0400D38552 /* YBLocationSearchResultViewController.h */,
				3B435689233DFE0400D38552 /* YBLocationSearchResultViewController.m */,
			);
			path = ViewController;
			sourceTree = "<group>";
		};
		3B43568E233DFE0400D38552 /* Vender */ = {
			isa = PBXGroup;
			children = (
				3B43568F233DFE0400D38552 /* baiduPanorama */,
			);
			path = Vender;
			sourceTree = "<group>";
		};
		3B43568F233DFE0400D38552 /* baiduPanorama */ = {
			isa = PBXGroup;
			children = (
				3B435690233DFE0400D38552 /* BaiduPanoSDK.framework */,
			);
			path = baiduPanorama;
			sourceTree = "<group>";
		};
		3B79284822F432AF009FCAF8 /* Tools */ = {
			isa = PBXGroup;
			children = (
				3B79284E22F432AF009FCAF8 /* Tools.h */,
				3B79284B22F432AF009FCAF8 /* Tools.m */,
				3B79284D22F432AF009FCAF8 /* LMGetLoc.h */,
				3B79284922F432AF009FCAF8 /* LMGetLoc.m */,
				3B79284C22F432AF009FCAF8 /* IOSToVue.h */,
				3B79284A22F432AF009FCAF8 /* IOSToVue.m */,
			);
			path = Tools;
			sourceTree = "<group>";
		};
		3BA4772F25A07AC00078F57E /* lame */ = {
			isa = PBXGroup;
			children = (
				3BA4773025A07AC00078F57E /* libmp3lame.a */,
				3BA4773125A07AC00078F57E /* lame.h */,
			);
			path = lame;
			sourceTree = "<group>";
		};
		3BD20FA1230A9E73001A52A4 /* Service */ = {
			isa = PBXGroup;
			children = (
				3BD20FA2230A9E73001A52A4 /* ServiceTools.m */,
				3BD20FA3230A9E73001A52A4 /* ServiceTools.h */,
			);
			path = Service;
			sourceTree = "<group>";
		};
		3BD20FAA230AC9CE001A52A4 /* libs */ = {
			isa = PBXGroup;
			children = (
				3BA4772A259FFD280078F57E /* iflyMSC.framework */,
				3BD20FAB230AC9CE001A52A4 /* BMKLocationKit.framework */,
			);
			path = libs;
			sourceTree = "<group>";
		};
		3BE88E9E232169FD008AC8E7 /* Custum */ = {
			isa = PBXGroup;
			children = (
				3BE88E9F232169FD008AC8E7 /* RouteAnnotation.h */,
				3BE88EA0232169FD008AC8E7 /* LocationModel.m */,
				3BE88EA1232169FD008AC8E7 /* RouteAnnotation.m */,
				3BE88EA2232169FD008AC8E7 /* LocationModel.h */,
			);
			path = Custum;
			sourceTree = "<group>";
		};
		514E8D55CD784956C1D5D71F /* Frameworks */ = {
			isa = PBXGroup;
			children = (
				3B348A0425AB27C200A2C64E /* libstdc++.6.0.9.tbd */,
				3B35F6162594EAE1001C9E81 /* iflyMSC.framework */,
				3B35F6112594E037001C9E81 /* CoreGraphics.framework */,
				3B35F60F2594E010001C9E81 /* Foundation.framework */,
				3B35F60D2594DFF1001C9E81 /* UIKit.framework */,
				3B35F60B2594DFEC001C9E81 /* QuartzCore.framework */,
				3B35F6092594DFE2001C9E81 /* SystemConfiguration.framework */,
				3B35F6072594DFD8001C9E81 /* Contacts.framework */,
				3B35F6052594DFCC001C9E81 /* AddressBook.framework */,
				3B35F6032594DFC5001C9E81 /* AudioToolbox.framework */,
				3B35F6012594DFB6001C9E81 /* AVFoundation.framework */,
				3B35F5FF2594DFB0001C9E81 /* CoreTelephony.framework */,
				3B35F5FD2594DFA8001C9E81 /* CoreLocation.framework */,
				3B35F5FB2594DF98001C9E81 /* libc++.tbd */,
				3B35F5F92594DF8D001C9E81 /* libz.tbd */,
				3BBF8B66233B616F0070A8ED /* libsqlite3.0.tbd */,
				7DA69FEE1BB9777B55ADB628 /* libPods-QH_OrderS.a */,
			);
			name = Frameworks;
			sourceTree = "<group>";
		};
		DC52D232FFD69926DA3CCB88 /* Pods */ = {
			isa = PBXGroup;
			children = (
				3B54E9EF800DFD786F5143B1 /* Pods-QH_OrderS.debug.xcconfig */,
				D9891314D5E289145FAAB882 /* Pods-QH_OrderS.release.xcconfig */,
			);
			name = Pods;
			sourceTree = "<group>";
		};
/* End PBXGroup section */

/* Begin PBXNativeTarget section */
		3B297DB822DD6D750028847C /* QH_OrderS */ = {
			isa = PBXNativeTarget;
			buildConfigurationList = 3B297DE522DD6D760028847C /* Build configuration list for PBXNativeTarget "QH_OrderS" */;
			buildPhases = (
				A0342DB05CF03F91538C7457 /* [CP] Check Pods Manifest.lock */,
				3B297DB522DD6D750028847C /* Sources */,
				3B297DB622DD6D750028847C /* Frameworks */,
				3B297DB722DD6D750028847C /* Resources */,
				BB395EC0CFD127F8FC493070 /* [CP] Copy Pods Resources */,
				A7B91D22AA887114B99A7EF7 /* [CP] Embed Pods Frameworks */,
			);
			buildRules = (
			);
			dependencies = (
			);
			name = QH_OrderS;
			productName = QH_OrderS;
			productReference = 3B297DB922DD6D750028847C /* 高效速读.app */;
			productType = "com.apple.product-type.application";
		};
		3B297DD022DD6D760028847C /* QH_OrderSTests */ = {
			isa = PBXNativeTarget;
			buildConfigurationList = 3B297DE822DD6D760028847C /* Build configuration list for PBXNativeTarget "QH_OrderSTests" */;
			buildPhases = (
				3B297DCD22DD6D760028847C /* Sources */,
				3B297DCE22DD6D760028847C /* Frameworks */,
				3B297DCF22DD6D760028847C /* Resources */,
			);
			buildRules = (
			);
			dependencies = (
				3B297DD322DD6D760028847C /* PBXTargetDependency */,
			);
			name = QH_OrderSTests;
			productName = QH_OrderSTests;
			productReference = 3B297DD122DD6D760028847C /* QH_OrderSTests.xctest */;
			productType = "com.apple.product-type.bundle.unit-test";
		};
		3B297DDB22DD6D760028847C /* QH_OrderSUITests */ = {
			isa = PBXNativeTarget;
			buildConfigurationList = 3B297DEB22DD6D760028847C /* Build configuration list for PBXNativeTarget "QH_OrderSUITests" */;
			buildPhases = (
				3B297DD822DD6D760028847C /* Sources */,
				3B297DD922DD6D760028847C /* Frameworks */,
				3B297DDA22DD6D760028847C /* Resources */,
			);
			buildRules = (
			);
			dependencies = (
				3B297DDE22DD6D760028847C /* PBXTargetDependency */,
			);
			name = QH_OrderSUITests;
			productName = QH_OrderSUITests;
			productReference = 3B297DDC22DD6D760028847C /* QH_OrderSUITests.xctest */;
			productType = "com.apple.product-type.bundle.ui-testing";
		};
/* End PBXNativeTarget section */

/* Begin PBXProject section */
		3B297DB122DD6D750028847C /* Project object */ = {
			isa = PBXProject;
			attributes = {
				LastUpgradeCheck = 1020;
				ORGANIZATIONNAME = "王文望";
				TargetAttributes = {
					3B297DB822DD6D750028847C = {
						CreatedOnToolsVersion = 10.2.1;
						SystemCapabilities = {
							com.apple.BackgroundModes = {
								enabled = 0;
							};
							com.apple.Push = {
								enabled = 1;
							};
							com.apple.WAC = {
								enabled = 0;
							};
						};
					};
					3B297DD022DD6D760028847C = {
						CreatedOnToolsVersion = 10.2.1;
						TestTargetID = 3B297DB822DD6D750028847C;
					};
					3B297DDB22DD6D760028847C = {
						CreatedOnToolsVersion = 10.2.1;
						TestTargetID = 3B297DB822DD6D750028847C;
					};
				};
			};
			buildConfigurationList = 3B297DB422DD6D750028847C /* Build configuration list for PBXProject "QH_OrderS" */;
			compatibilityVersion = "Xcode 9.3";
			developmentRegion = en;
			hasScannedForEncodings = 0;
			knownRegions = (
				en,
				Base,
			);
			mainGroup = 3B297DB022DD6D750028847C;
			productRefGroup = 3B297DBA22DD6D750028847C /* Products */;
			projectDirPath = "";
			projectRoot = "";
			targets = (
				3B297DB822DD6D750028847C /* QH_OrderS */,
				3B297DD022DD6D760028847C /* QH_OrderSTests */,
				3B297DDB22DD6D760028847C /* QH_OrderSUITests */,
			);
		};
/* End PBXProject section */

/* Begin PBXResourcesBuildPhase section */
		3B297DB722DD6D750028847C /* Resources */ = {
			isa = PBXResourcesBuildPhase;
			buildActionMask = 2147483647;
			files = (
				3B297DC922DD6D760028847C /* LaunchScreen.storyboard in Resources */,
				3B297DC622DD6D760028847C /* Assets.xcassets in Resources */,
				3B435695233DFE0400D38552 /* YBShowLocationVC.xib in Resources */,
				3BCCA66B265F7FE600FD4388 /* fandu.m4a in Resources */,
				3B435693233DFE0400D38552 /* YBCurrentLocationCell.xib in Resources */,
				3B435691233DFE0400D38552 /* YBNeighborLocationCell.xib in Resources */,
				3B6DF9812613431100F69C4B /* dist.zip in Resources */,
				3B35F6882594EED3001C9E81 /* ISEViewController.xib in Resources */,
				3B04E18622DD757F005840FC /* Default-568@2x.png in Resources */,
			);
			runOnlyForDeploymentPostprocessing = 0;
		};
		3B297DCF22DD6D760028847C /* Resources */ = {
			isa = PBXResourcesBuildPhase;
			buildActionMask = 2147483647;
			files = (
			);
			runOnlyForDeploymentPostprocessing = 0;
		};
		3B297DDA22DD6D760028847C /* Resources */ = {
			isa = PBXResourcesBuildPhase;
			buildActionMask = 2147483647;
			files = (
			);
			runOnlyForDeploymentPostprocessing = 0;
		};
/* End PBXResourcesBuildPhase section */

/* Begin PBXShellScriptBuildPhase section */
		A0342DB05CF03F91538C7457 /* [CP] Check Pods Manifest.lock */ = {
			isa = PBXShellScriptBuildPhase;
			buildActionMask = 2147483647;
			files = (
			);
			inputPaths = (
				"${PODS_PODFILE_DIR_PATH}/Podfile.lock",
				"${PODS_ROOT}/Manifest.lock",
			);
			name = "[CP] Check Pods Manifest.lock";
			outputPaths = (
				"$(DERIVED_FILE_DIR)/Pods-QH_OrderS-checkManifestLockResult.txt",
			);
			runOnlyForDeploymentPostprocessing = 0;
			shellPath = /bin/sh;
			shellScript = "diff \"${PODS_PODFILE_DIR_PATH}/Podfile.lock\" \"${PODS_ROOT}/Manifest.lock\" > /dev/null\nif [ $? != 0 ] ; then\n    # print error to STDERR\n    echo \"error: The sandbox is not in sync with the Podfile.lock. Run 'pod install' or update your CocoaPods installation.\" >&2\n    exit 1\nfi\n# This output is used by Xcode 'outputs' to avoid re-running this script phase.\necho \"SUCCESS\" > \"${SCRIPT_OUTPUT_FILE_0}\"\n";
			showEnvVarsInLog = 0;
		};
		A7B91D22AA887114B99A7EF7 /* [CP] Embed Pods Frameworks */ = {
			isa = PBXShellScriptBuildPhase;
			buildActionMask = 2147483647;
			files = (
			);
			inputFileListPaths = (
				"${PODS_ROOT}/Target Support Files/Pods-QH_OrderS/Pods-QH_OrderS-frameworks-${CONFIGURATION}-input-files.xcfilelist",
			);
			name = "[CP] Embed Pods Frameworks";
			outputFileListPaths = (
				"${PODS_ROOT}/Target Support Files/Pods-QH_OrderS/Pods-QH_OrderS-frameworks-${CONFIGURATION}-output-files.xcfilelist",
			);
			runOnlyForDeploymentPostprocessing = 0;
			shellPath = /bin/sh;
			shellScript = "\"${PODS_ROOT}/Target Support Files/Pods-QH_OrderS/Pods-QH_OrderS-frameworks.sh\"\n";
			showEnvVarsInLog = 0;
		};
		BB395EC0CFD127F8FC493070 /* [CP] Copy Pods Resources */ = {
			isa = PBXShellScriptBuildPhase;
			buildActionMask = 2147483647;
			files = (
			);
			inputFileListPaths = (
				"${PODS_ROOT}/Target Support Files/Pods-QH_OrderS/Pods-QH_OrderS-resources-${CONFIGURATION}-input-files.xcfilelist",
			);
			name = "[CP] Copy Pods Resources";
			outputFileListPaths = (
				"${PODS_ROOT}/Target Support Files/Pods-QH_OrderS/Pods-QH_OrderS-resources-${CONFIGURATION}-output-files.xcfilelist",
			);
			runOnlyForDeploymentPostprocessing = 0;
			shellPath = /bin/sh;
			shellScript = "\"${PODS_ROOT}/Target Support Files/Pods-QH_OrderS/Pods-QH_OrderS-resources.sh\"\n";
			showEnvVarsInLog = 0;
		};
/* End PBXShellScriptBuildPhase section */

/* Begin PBXSourcesBuildPhase section */
		3B297DB522DD6D750028847C /* Sources */ = {
			isa = PBXSourcesBuildPhase;
			buildActionMask = 2147483647;
			files = (
				3B35F6642594ECA1001C9E81 /* IFlyContact.m in Sources */,
				3B35F63B2594EC09001C9E81 /* ISEResultSyll.m in Sources */,
				3B35F6672594ECA1001C9E81 /* SBJson4StreamTokeniser.m in Sources */,
				3B35F6662594ECA1001C9E81 /* SBJson4StreamParser.m in Sources */,
				3B35F66A2594ECA1001C9E81 /* SBJson4Writer.m in Sources */,
				3B35F6432594EC09001C9E81 /* ISEResultXmlParser.m in Sources */,
				3B35F6792594ECD3001C9E81 /* ISRDataHelper.m in Sources */,
				3B35F67B2594ECD3001C9E81 /* IATViewController.m in Sources */,
				3B435697233DFE0400D38552 /* YBShowLocationVC.mm in Sources */,
				3B35F6862594ED46001C9E81 /* SAMultisectorControl.m in Sources */,
				3B35F66C2594ECA1001C9E81 /* SBJson4StreamWriter.m in Sources */,
				3B35F66E2594ECA1001C9E81 /* PcmPlayer.m in Sources */,
				3B35F63D2594EC09001C9E81 /* ISEResultReadSyllable.m in Sources */,
				3B35F66D2594ECA1001C9E81 /* AlertView.m in Sources */,
				3B35F66B2594ECA1001C9E81 /* SBJson4Parser.m in Sources */,
				3B35F6412594EC09001C9E81 /* ISEResultSentence.m in Sources */,
				3B2CFB8A231D3E9F0039C483 /* NSString+toDict.m in Sources */,
				3B2CFB89231D3E9F0039C483 /* NSDictionary+toString.m in Sources */,
				3B35F6852594ED46001C9E81 /* AKPickerView.m in Sources */,
				3B35F6392594EC09001C9E81 /* IVWViewController.m in Sources */,
				3B2CFB8B231D3E9F0039C483 /* NSDictionary+Extension.m in Sources */,
				3B435696233DFE0400D38552 /* YBLocationSearchResultViewController.m in Sources */,
				3B35F6472594EC09001C9E81 /* ISEViewController.m in Sources */,
				3B35F6462594EC09001C9E81 /* ISESettingViewController.m in Sources */,
				3B2CFB88231D3E9F0039C483 /* NSArray+Extension.m in Sources */,
				3B04E19922DD9DE9005840FC /* Reachability.m in Sources */,
				3B435692233DFE0400D38552 /* YBCurrentLocationCell.m in Sources */,
				3BD20FA4230A9E73001A52A4 /* ServiceTools.m in Sources */,
				3B35F63F2594EC09001C9E81 /* ISEResultReadWord.m in Sources */,
				3B04E19A22DD9DE9005840FC /* XHVersion.m in Sources */,
				3B435698233DFE0400D38552 /* YBShowPanoranaVC.m in Sources */,
				3B35F6452594EC09001C9E81 /* ISEResultFinal.m in Sources */,
				3B79285022F432AF009FCAF8 /* IOSToVue.m in Sources */,
				3B35F63A2594EC09001C9E81 /* ISEParams.m in Sources */,
				3B35F6442594EC09001C9E81 /* ISEResultTools.m in Sources */,
				3B04E19C22DD9DE9005840FC /* XHVersionRequest.m in Sources */,
				3B35F6422594EC09001C9E81 /* ISEResultWord.m in Sources */,
				3BE88EA4232169FD008AC8E7 /* RouteAnnotation.m in Sources */,
				3B79285122F432AF009FCAF8 /* Tools.m in Sources */,
				3B79284F22F432AF009FCAF8 /* LMGetLoc.m in Sources */,
				3B35F6652594ECA1001C9E81 /* PopupView.m in Sources */,
				3B35F63C2594EC09001C9E81 /* ISEResult.m in Sources */,
				3BE88EA3232169FD008AC8E7 /* LocationModel.m in Sources */,
				3B35F6842594ED46001C9E81 /* SAMath.m in Sources */,
				3B435699233DFE0400D38552 /* YBLocationPickerViewController.mm in Sources */,
				3B35F6402594EC09001C9E81 /* ISEResultPhone.m in Sources */,
				3B297DC122DD6D750028847C /* ViewController.m in Sources */,
				3B297DCC22DD6D760028847C /* main.m in Sources */,
				3B435694233DFE0400D38552 /* YBNeighborLocationCell.m in Sources */,
				3B04E19B22DD9DE9005840FC /* XHAppInfo.m in Sources */,
				3B35F67A2594ECD3001C9E81 /* IATConfig.m in Sources */,
				3B35F6782594ECD3001C9E81 /* IATConfigViewController.m in Sources */,
				3B35F63E2594EC09001C9E81 /* ISEResultReadSentence.m in Sources */,
				3B297DBE22DD6D750028847C /* AppDelegate.m in Sources */,
				3B35F6692594ECA1001C9E81 /* SBJson4StreamWriterState.m in Sources */,
				3B35F6682594ECA1001C9E81 /* SBJson4StreamParserState.m in Sources */,
			);
			runOnlyForDeploymentPostprocessing = 0;
		};
		3B297DCD22DD6D760028847C /* Sources */ = {
			isa = PBXSourcesBuildPhase;
			buildActionMask = 2147483647;
			files = (
				3B297DD622DD6D760028847C /* QH_OrderSTests.m in Sources */,
			);
			runOnlyForDeploymentPostprocessing = 0;
		};
		3B297DD822DD6D760028847C /* Sources */ = {
			isa = PBXSourcesBuildPhase;
			buildActionMask = 2147483647;
			files = (
				3B297DE122DD6D760028847C /* QH_OrderSUITests.m in Sources */,
			);
			runOnlyForDeploymentPostprocessing = 0;
		};
/* End PBXSourcesBuildPhase section */

/* Begin PBXTargetDependency section */
		3B297DD322DD6D760028847C /* PBXTargetDependency */ = {
			isa = PBXTargetDependency;
			target = 3B297DB822DD6D750028847C /* QH_OrderS */;
			targetProxy = 3B297DD222DD6D760028847C /* PBXContainerItemProxy */;
		};
		3B297DDE22DD6D760028847C /* PBXTargetDependency */ = {
			isa = PBXTargetDependency;
			target = 3B297DB822DD6D750028847C /* QH_OrderS */;
			targetProxy = 3B297DDD22DD6D760028847C /* PBXContainerItemProxy */;
		};
/* End PBXTargetDependency section */

/* Begin PBXVariantGroup section */
		3B297DC722DD6D760028847C /* LaunchScreen.storyboard */ = {
			isa = PBXVariantGroup;
			children = (
				3B297DC822DD6D760028847C /* Base */,
			);
			name = LaunchScreen.storyboard;
			sourceTree = "<group>";
		};
/* End PBXVariantGroup section */

/* Begin XCBuildConfiguration section */
		3B297DE322DD6D760028847C /* Debug */ = {
			isa = XCBuildConfiguration;
			buildSettings = {
				ALWAYS_SEARCH_USER_PATHS = NO;
				CLANG_ANALYZER_NONNULL = YES;
				CLANG_ANALYZER_NUMBER_OBJECT_CONVERSION = YES_AGGRESSIVE;
				CLANG_CXX_LANGUAGE_STANDARD = "gnu++14";
				CLANG_CXX_LIBRARY = "libc++";
				CLANG_ENABLE_MODULES = YES;
				CLANG_ENABLE_OBJC_ARC = YES;
				CLANG_ENABLE_OBJC_WEAK = YES;
				CLANG_WARN_BLOCK_CAPTURE_AUTORELEASING = YES;
				CLANG_WARN_BOOL_CONVERSION = YES;
				CLANG_WARN_COMMA = YES;
				CLANG_WARN_CONSTANT_CONVERSION = YES;
				CLANG_WARN_DEPRECATED_OBJC_IMPLEMENTATIONS = YES;
				CLANG_WARN_DIRECT_OBJC_ISA_USAGE = YES_ERROR;
				CLANG_WARN_DOCUMENTATION_COMMENTS = YES;
				CLANG_WARN_EMPTY_BODY = YES;
				CLANG_WARN_ENUM_CONVERSION = YES;
				CLANG_WARN_INFINITE_RECURSION = YES;
				CLANG_WARN_INT_CONVERSION = YES;
				CLANG_WARN_NON_LITERAL_NULL_CONVERSION = YES;
				CLANG_WARN_OBJC_IMPLICIT_RETAIN_SELF = YES;
				CLANG_WARN_OBJC_LITERAL_CONVERSION = YES;
				CLANG_WARN_OBJC_ROOT_CLASS = YES_ERROR;
				CLANG_WARN_RANGE_LOOP_ANALYSIS = YES;
				CLANG_WARN_STRICT_PROTOTYPES = YES;
				CLANG_WARN_SUSPICIOUS_MOVE = YES;
				CLANG_WARN_UNGUARDED_AVAILABILITY = YES_AGGRESSIVE;
				CLANG_WARN_UNREACHABLE_CODE = YES;
				CLANG_WARN__DUPLICATE_METHOD_MATCH = YES;
				CODE_SIGN_IDENTITY = "iPhone Developer";
				COPY_PHASE_STRIP = NO;
				DEBUG_INFORMATION_FORMAT = dwarf;
				ENABLE_BITCODE = NO;
				ENABLE_STRICT_OBJC_MSGSEND = YES;
				ENABLE_TESTABILITY = YES;
				GCC_C_LANGUAGE_STANDARD = gnu11;
				GCC_DYNAMIC_NO_PIC = NO;
				GCC_NO_COMMON_BLOCKS = YES;
				GCC_OPTIMIZATION_LEVEL = 0;
				GCC_PRECOMPILE_PREFIX_HEADER = YES;
				GCC_PREPROCESSOR_DEFINITIONS = (
					"DEBUG=1",
					"$(inherited)",
				);
				GCC_WARN_64_TO_32_BIT_CONVERSION = YES;
				GCC_WARN_ABOUT_RETURN_TYPE = YES_ERROR;
				GCC_WARN_UNDECLARED_SELECTOR = YES;
				GCC_WARN_UNINITIALIZED_AUTOS = YES_AGGRESSIVE;
				GCC_WARN_UNUSED_FUNCTION = YES;
				GCC_WARN_UNUSED_VARIABLE = YES;
				IPHONEOS_DEPLOYMENT_TARGET = 9.0;
				MTL_ENABLE_DEBUG_INFO = INCLUDE_SOURCE;
				MTL_FAST_MATH = YES;
				ONLY_ACTIVE_ARCH = YES;
				SDKROOT = iphoneos;
			};
			name = Debug;
		};
		3B297DE422DD6D760028847C /* Release */ = {
			isa = XCBuildConfiguration;
			buildSettings = {
				ALWAYS_SEARCH_USER_PATHS = NO;
				CLANG_ANALYZER_NONNULL = YES;
				CLANG_ANALYZER_NUMBER_OBJECT_CONVERSION = YES_AGGRESSIVE;
				CLANG_CXX_LANGUAGE_STANDARD = "gnu++14";
				CLANG_CXX_LIBRARY = "libc++";
				CLANG_ENABLE_MODULES = YES;
				CLANG_ENABLE_OBJC_ARC = YES;
				CLANG_ENABLE_OBJC_WEAK = YES;
				CLANG_WARN_BLOCK_CAPTURE_AUTORELEASING = YES;
				CLANG_WARN_BOOL_CONVERSION = YES;
				CLANG_WARN_COMMA = YES;
				CLANG_WARN_CONSTANT_CONVERSION = YES;
				CLANG_WARN_DEPRECATED_OBJC_IMPLEMENTATIONS = YES;
				CLANG_WARN_DIRECT_OBJC_ISA_USAGE = YES_ERROR;
				CLANG_WARN_DOCUMENTATION_COMMENTS = YES;
				CLANG_WARN_EMPTY_BODY = YES;
				CLANG_WARN_ENUM_CONVERSION = YES;
				CLANG_WARN_INFINITE_RECURSION = YES;
				CLANG_WARN_INT_CONVERSION = YES;
				CLANG_WARN_NON_LITERAL_NULL_CONVERSION = YES;
				CLANG_WARN_OBJC_IMPLICIT_RETAIN_SELF = YES;
				CLANG_WARN_OBJC_LITERAL_CONVERSION = YES;
				CLANG_WARN_OBJC_ROOT_CLASS = YES_ERROR;
				CLANG_WARN_RANGE_LOOP_ANALYSIS = YES;
				CLANG_WARN_STRICT_PROTOTYPES = YES;
				CLANG_WARN_SUSPICIOUS_MOVE = YES;
				CLANG_WARN_UNGUARDED_AVAILABILITY = YES_AGGRESSIVE;
				CLANG_WARN_UNREACHABLE_CODE = YES;
				CLANG_WARN__DUPLICATE_METHOD_MATCH = YES;
				CODE_SIGN_IDENTITY = "iPhone Developer";
				COPY_PHASE_STRIP = NO;
				DEBUG_INFORMATION_FORMAT = "dwarf-with-dsym";
				ENABLE_BITCODE = NO;
				ENABLE_NS_ASSERTIONS = NO;
				ENABLE_STRICT_OBJC_MSGSEND = YES;
				GCC_C_LANGUAGE_STANDARD = gnu11;
				GCC_NO_COMMON_BLOCKS = YES;
				GCC_PRECOMPILE_PREFIX_HEADER = YES;
				GCC_WARN_64_TO_32_BIT_CONVERSION = YES;
				GCC_WARN_ABOUT_RETURN_TYPE = YES_ERROR;
				GCC_WARN_UNDECLARED_SELECTOR = YES;
				GCC_WARN_UNINITIALIZED_AUTOS = YES_AGGRESSIVE;
				GCC_WARN_UNUSED_FUNCTION = YES;
				GCC_WARN_UNUSED_VARIABLE = YES;
				IPHONEOS_DEPLOYMENT_TARGET = 9.0;
				MTL_ENABLE_DEBUG_INFO = NO;
				MTL_FAST_MATH = YES;
				SDKROOT = iphoneos;
				VALIDATE_PRODUCT = YES;
			};
			name = Release;
		};
		3B297DE622DD6D760028847C /* Debug */ = {
			isa = XCBuildConfiguration;
			baseConfigurationReference = 3B54E9EF800DFD786F5143B1 /* Pods-QH_OrderS.debug.xcconfig */;
			buildSettings = {
				ASSETCATALOG_COMPILER_APPICON_NAME = "AppIcon-student";
				CODE_SIGN_ENTITLEMENTS = "QH_OrderS/高效速读.entitlements";
				CODE_SIGN_IDENTITY = "Apple Development";
				CODE_SIGN_STYLE = Automatic;
				CURRENT_PROJECT_VERSION = 39;
				DEVELOPMENT_TEAM = FXUDZ5557V;
				FRAMEWORK_SEARCH_PATHS = (
					"$(inherited)",
					"$(PROJECT_DIR)/QH_OrderS/libs",
					"$(PROJECT_DIR)/QH_OrderS/Third/WeChatSendLocation/Vender/baiduPanorama",
				);
				GCC_INPUT_FILETYPE = automatic;
				GCC_PRECOMPILE_PREFIX_HEADER = YES;
				GCC_PREFIX_HEADER = QH_OrderS/QH_OrderS.pch;
				INFOPLIST_FILE = QH_OrderS/Info.plist;
				IPHONEOS_DEPLOYMENT_TARGET = 8.0;
				LD_RUNPATH_SEARCH_PATHS = (
					"$(inherited)",
					"@executable_path/Frameworks",
				);
				LIBRARY_SEARCH_PATHS = (
					"$(inherited)",
					"$(PROJECT_DIR)/QH_OrderS/Third/XYSDK",
					"$(PROJECT_DIR)",
					"$(PROJECT_DIR)/QH_OrderS/Third/lame",
					"$(PROJECT_DIR)/QH_OrderS/libs",
				);
				MARKETING_VERSION = 1.1.9;
				PRODUCT_BUNDLE_IDENTIFIER = "mobi.gxsd.gxsd-ios";
				PRODUCT_NAME = "高效速读";
				PROVISIONING_PROFILE_SPECIFIER = "";
				TARGETED_DEVICE_FAMILY = 1;
			};
			name = Debug;
		};
		3B297DE722DD6D760028847C /* Release */ = {
			isa = XCBuildConfiguration;
			baseConfigurationReference = D9891314D5E289145FAAB882 /* Pods-QH_OrderS.release.xcconfig */;
			buildSettings = {
				ASSETCATALOG_COMPILER_APPICON_NAME = "AppIcon-student";
				CODE_SIGN_ENTITLEMENTS = "QH_OrderS/高效速读.entitlements";
				CODE_SIGN_IDENTITY = "Apple Development";
				CODE_SIGN_STYLE = Automatic;
				CURRENT_PROJECT_VERSION = 39;
				DEVELOPMENT_TEAM = FXUDZ5557V;
				FRAMEWORK_SEARCH_PATHS = (
					"$(inherited)",
					"$(PROJECT_DIR)/QH_OrderS/libs",
					"$(PROJECT_DIR)/QH_OrderS/Third/WeChatSendLocation/Vender/baiduPanorama",
				);
				GCC_INPUT_FILETYPE = automatic;
				GCC_PRECOMPILE_PREFIX_HEADER = YES;
				GCC_PREFIX_HEADER = QH_OrderS/QH_OrderS.pch;
				INFOPLIST_FILE = QH_OrderS/Info.plist;
				IPHONEOS_DEPLOYMENT_TARGET = 8.0;
				LD_RUNPATH_SEARCH_PATHS = (
					"$(inherited)",
					"@executable_path/Frameworks",
				);
				LIBRARY_SEARCH_PATHS = (
					"$(inherited)",
					"$(PROJECT_DIR)/QH_OrderS/Third/XYSDK",
					"$(PROJECT_DIR)",
					"$(PROJECT_DIR)/QH_OrderS/Third/lame",
					"$(PROJECT_DIR)/QH_OrderS/libs",
				);
				MARKETING_VERSION = 1.1.9;
				PRODUCT_BUNDLE_IDENTIFIER = "mobi.gxsd.gxsd-ios";
				PRODUCT_NAME = "高效速读";
				PROVISIONING_PROFILE_SPECIFIER = "";
				TARGETED_DEVICE_FAMILY = 1;
			};
			name = Release;
		};
		3B297DE922DD6D760028847C /* Debug */ = {
			isa = XCBuildConfiguration;
			buildSettings = {
				BUNDLE_LOADER = "$(TEST_HOST)";
				CODE_SIGN_STYLE = Automatic;
				DEVELOPMENT_TEAM = AP5995A5FC;
				INFOPLIST_FILE = QH_OrderSTests/Info.plist;
				LD_RUNPATH_SEARCH_PATHS = (
					"$(inherited)",
					"@executable_path/Frameworks",
					"@loader_path/Frameworks",
				);
				PRODUCT_BUNDLE_IDENTIFIER = "com.kaidongyuan.QH-OrderSTests";
				PRODUCT_NAME = "$(TARGET_NAME)";
				TARGETED_DEVICE_FAMILY = "1,2";
				TEST_HOST = "$(BUILT_PRODUCTS_DIR)/QH_OrderS.app/QH_OrderS";
			};
			name = Debug;
		};
		3B297DEA22DD6D760028847C /* Release */ = {
			isa = XCBuildConfiguration;
			buildSettings = {
				BUNDLE_LOADER = "$(TEST_HOST)";
				CODE_SIGN_STYLE = Automatic;
				DEVELOPMENT_TEAM = AP5995A5FC;
				INFOPLIST_FILE = QH_OrderSTests/Info.plist;
				LD_RUNPATH_SEARCH_PATHS = (
					"$(inherited)",
					"@executable_path/Frameworks",
					"@loader_path/Frameworks",
				);
				PRODUCT_BUNDLE_IDENTIFIER = "com.kaidongyuan.QH-OrderSTests";
				PRODUCT_NAME = "$(TARGET_NAME)";
				TARGETED_DEVICE_FAMILY = "1,2";
				TEST_HOST = "$(BUILT_PRODUCTS_DIR)/QH_OrderS.app/QH_OrderS";
			};
			name = Release;
		};
		3B297DEC22DD6D760028847C /* Debug */ = {
			isa = XCBuildConfiguration;
			buildSettings = {
				CODE_SIGN_STYLE = Automatic;
				DEVELOPMENT_TEAM = AP5995A5FC;
				INFOPLIST_FILE = QH_OrderSUITests/Info.plist;
				LD_RUNPATH_SEARCH_PATHS = (
					"$(inherited)",
					"@executable_path/Frameworks",
					"@loader_path/Frameworks",
				);
				PRODUCT_BUNDLE_IDENTIFIER = "com.kaidongyuan.QH-OrderSUITests";
				PRODUCT_NAME = "$(TARGET_NAME)";
				TARGETED_DEVICE_FAMILY = "1,2";
				TEST_TARGET_NAME = QH_OrderS;
			};
			name = Debug;
		};
		3B297DED22DD6D760028847C /* Release */ = {
			isa = XCBuildConfiguration;
			buildSettings = {
				CODE_SIGN_STYLE = Automatic;
				DEVELOPMENT_TEAM = AP5995A5FC;
				INFOPLIST_FILE = QH_OrderSUITests/Info.plist;
				LD_RUNPATH_SEARCH_PATHS = (
					"$(inherited)",
					"@executable_path/Frameworks",
					"@loader_path/Frameworks",
				);
				PRODUCT_BUNDLE_IDENTIFIER = "com.kaidongyuan.QH-OrderSUITests";
				PRODUCT_NAME = "$(TARGET_NAME)";
				TARGETED_DEVICE_FAMILY = "1,2";
				TEST_TARGET_NAME = QH_OrderS;
			};
			name = Release;
		};
/* End XCBuildConfiguration section */

/* Begin XCConfigurationList section */
		3B297DB422DD6D750028847C /* Build configuration list for PBXProject "QH_OrderS" */ = {
			isa = XCConfigurationList;
			buildConfigurations = (
				3B297DE322DD6D760028847C /* Debug */,
				3B297DE422DD6D760028847C /* Release */,
			);
			defaultConfigurationIsVisible = 0;
			defaultConfigurationName = Release;
		};
		3B297DE522DD6D760028847C /* Build configuration list for PBXNativeTarget "QH_OrderS" */ = {
			isa = XCConfigurationList;
			buildConfigurations = (
				3B297DE622DD6D760028847C /* Debug */,
				3B297DE722DD6D760028847C /* Release */,
			);
			defaultConfigurationIsVisible = 0;
			defaultConfigurationName = Release;
		};
		3B297DE822DD6D760028847C /* Build configuration list for PBXNativeTarget "QH_OrderSTests" */ = {
			isa = XCConfigurationList;
			buildConfigurations = (
				3B297DE922DD6D760028847C /* Debug */,
				3B297DEA22DD6D760028847C /* Release */,
			);
			defaultConfigurationIsVisible = 0;
			defaultConfigurationName = Release;
		};
		3B297DEB22DD6D760028847C /* Build configuration list for PBXNativeTarget "QH_OrderSUITests" */ = {
			isa = XCConfigurationList;
			buildConfigurations = (
				3B297DEC22DD6D760028847C /* Debug */,
				3B297DED22DD6D760028847C /* Release */,
			);
			defaultConfigurationIsVisible = 0;
			defaultConfigurationName = Release;
		};
/* End XCConfigurationList section */
	};
	rootObject = 3B297DB122DD6D750028847C /* Project object */;
}
